// !$*UTF8*$!
{
	archiveVersion = 1;
	classes = {
	};
	objectVersion = 46;
	objects = {

/* Begin PBXBuildFile section */
		5A042C551B09127800B45027 /* Common.swift in Sources */ = {isa = PBXBuildFile; fileRef = 5A042C541B09127800B45027 /* Common.swift */; };
		5A0E41141C2725B9000C2F07 /* ChangePasswordVC.swift in Sources */ = {isa = PBXBuildFile; fileRef = 5A0E41131C2725B9000C2F07 /* ChangePasswordVC.swift */; };
		5A13FB641C18CE3000ACACE3 /* LoginUITests.swift in Sources */ = {isa = PBXBuildFile; fileRef = 5A13FB631C18CE3000ACACE3 /* LoginUITests.swift */; };
		5A1876011D29A71000C9C39D /* dummy_user_profile.png in Resources */ = {isa = PBXBuildFile; fileRef = 5A1876001D29A71000C9C39D /* dummy_user_profile.png */; };
		5A1C8FA91B07BDF30098DCFB /* ProfileVC.swift in Sources */ = {isa = PBXBuildFile; fileRef = 5A1C8FA81B07BDF30098DCFB /* ProfileVC.swift */; };
		5A1C8FAB1B07BE190098DCFB /* ActivitiesVC.swift in Sources */ = {isa = PBXBuildFile; fileRef = 5A1C8FAA1B07BE190098DCFB /* ActivitiesVC.swift */; };
		5A1FB70E1CF7893B00B5EEF9 /* GoogleService-Info.plist in Resources */ = {isa = PBXBuildFile; fileRef = 5A1FB70D1CF7893B00B5EEF9 /* GoogleService-Info.plist */; };
		5A1FB7171CFA019300B5EEF9 /* CWStatusBarNotification.swift in Sources */ = {isa = PBXBuildFile; fileRef = 5A1FB7151CFA019300B5EEF9 /* CWStatusBarNotification.swift */; };
		5A1FB7181CFA019300B5EEF9 /* CWStatusBarNotificationUtils.swift in Sources */ = {isa = PBXBuildFile; fileRef = 5A1FB7161CFA019300B5EEF9 /* CWStatusBarNotificationUtils.swift */; };
		5A2769FF1D0B23140032A3E1 /* DBInterfaceHandler.swift in Sources */ = {isa = PBXBuildFile; fileRef = 5A2769FE1D0B23140032A3E1 /* DBInterfaceHandler.swift */; };
		5A2E972E1BE3E42900065577 /* Reach.swift in Sources */ = {isa = PBXBuildFile; fileRef = 5A2E972D1BE3E42900065577 /* Reach.swift */; };
		5A5072D41D04845F0024C501 /* ActivityObject.swift in Sources */ = {isa = PBXBuildFile; fileRef = 5A5072D31D04845F0024C501 /* ActivityObject.swift */; };
		5A57F5E11C4EC36E00628CED /* trafieText.png in Resources */ = {isa = PBXBuildFile; fileRef = 5A57F5E01C4EC36E00628CED /* trafieText.png */; };
		5A61BFD31D106FE300E84786 /* ObjectExtension.swift in Sources */ = {isa = PBXBuildFile; fileRef = 5A61BFC81D106FE300E84786 /* ObjectExtension.swift */; };
		5A61BFD41D106FE300E84786 /* RealmChange.swift in Sources */ = {isa = PBXBuildFile; fileRef = 5A61BFC91D106FE300E84786 /* RealmChange.swift */; };
		5A61BFD51D106FE300E84786 /* RealmExtension.swift in Sources */ = {isa = PBXBuildFile; fileRef = 5A61BFCA1D106FE300E84786 /* RealmExtension.swift */; };
		5A61BFD61D106FE300E84786 /* RealmLogger.swift in Sources */ = {isa = PBXBuildFile; fileRef = 5A61BFCB1D106FE300E84786 /* RealmLogger.swift */; };
		5A61BFD71D106FE300E84786 /* RealmNotification.swift in Sources */ = {isa = PBXBuildFile; fileRef = 5A61BFCC1D106FE300E84786 /* RealmNotification.swift */; };
		5A61BFD81D106FE300E84786 /* RealmQueueManager.swift in Sources */ = {isa = PBXBuildFile; fileRef = 5A61BFCD1D106FE300E84786 /* RealmQueueManager.swift */; };
		5A61BFD91D106FE300E84786 /* RealmRequest.swift in Sources */ = {isa = PBXBuildFile; fileRef = 5A61BFCE1D106FE300E84786 /* RealmRequest.swift */; };
		5A61BFDA1D106FE300E84786 /* RealmResultsCache.swift in Sources */ = {isa = PBXBuildFile; fileRef = 5A61BFCF1D106FE300E84786 /* RealmResultsCache.swift */; };
		5A61BFDB1D106FE300E84786 /* RealmResultsController.swift in Sources */ = {isa = PBXBuildFile; fileRef = 5A61BFD01D106FE300E84786 /* RealmResultsController.swift */; };
		5A61BFDC1D106FE300E84786 /* RealmSection.swift in Sources */ = {isa = PBXBuildFile; fileRef = 5A61BFD11D106FE300E84786 /* RealmSection.swift */; };
		5A61BFDD1D106FE300E84786 /* RealmThreadHelper.swift in Sources */ = {isa = PBXBuildFile; fileRef = 5A61BFD21D106FE300E84786 /* RealmThreadHelper.swift */; };
		5A61BFE11D11D36800E84786 /* InitVC.swift in Sources */ = {isa = PBXBuildFile; fileRef = 5A61BFE01D11D36800E84786 /* InitVC.swift */; };
		5A6A3C651CDD00CA00237D89 /* DAExpandAnimation.swift in Sources */ = {isa = PBXBuildFile; fileRef = 5A6A3C641CDD00CA00237D89 /* DAExpandAnimation.swift */; };
		5A7524381B7640790091B263 /* Localizable.strings in Resources */ = {isa = PBXBuildFile; fileRef = 5A75243B1B7640790091B263 /* Localizable.strings */; };
		5A7524391B7640790091B263 /* Localizable.strings in Resources */ = {isa = PBXBuildFile; fileRef = 5A75243B1B7640790091B263 /* Localizable.strings */; };
		5A7524471B778ADD0091B263 /* LoginVC.swift in Sources */ = {isa = PBXBuildFile; fileRef = 5A7524461B778ADD0091B263 /* LoginVC.swift */; };
		5A7A99491C25D89F002F8347 /* ResetPasswordVC.swift in Sources */ = {isa = PBXBuildFile; fileRef = 5A7A99481C25D89F002F8347 /* ResetPasswordVC.swift */; };
		5A7E23511CAFF63200BCB975 /* activities_empty_state.png in Resources */ = {isa = PBXBuildFile; fileRef = 5A7E23501CAFF63200BCB975 /* activities_empty_state.png */; };
		5A7E23541CB2D69B00BCB975 /* email_pending.png in Resources */ = {isa = PBXBuildFile; fileRef = 5A7E23521CB2D69B00BCB975 /* email_pending.png */; };
		5A7E23551CB2D69B00BCB975 /* email_confirmed.png in Resources */ = {isa = PBXBuildFile; fileRef = 5A7E23531CB2D69B00BCB975 /* email_confirmed.png */; };
		5A7EC11D1B6D10C1009E5F71 /* AddActivityVC.swift in Sources */ = {isa = PBXBuildFile; fileRef = 5A7EC11C1B6D10C1009E5F71 /* AddActivityVC.swift */; };
		5A84B8311C5D312C00304EB6 /* SweetAlert.swift in Sources */ = {isa = PBXBuildFile; fileRef = 5A84B8301C5D312C00304EB6 /* SweetAlert.swift */; };
		5A8B2D391D242B3800255831 /* KMPlaceholderTextView.swift in Sources */ = {isa = PBXBuildFile; fileRef = 5A8B2D381D242B3800255831 /* KMPlaceholderTextView.swift */; };
		5A96072B1C957E6B002F8D32 /* FeedbackVC.swift in Sources */ = {isa = PBXBuildFile; fileRef = 5A96072A1C957E6B002F8D32 /* FeedbackVC.swift */; };
		5A96CB541C5E9AB0004F9885 /* ActivitiesUITests.swift in Sources */ = {isa = PBXBuildFile; fileRef = 5A96CB531C5E9AB0004F9885 /* ActivitiesUITests.swift */; };
		5A96CB561C5E9ADA004F9885 /* ProfileUITests.swift in Sources */ = {isa = PBXBuildFile; fileRef = 5A96CB551C5E9ADA004F9885 /* ProfileUITests.swift */; };
		5A96CB581C5E9AE5004F9885 /* SettingsUITests.swift in Sources */ = {isa = PBXBuildFile; fileRef = 5A96CB571C5E9AE5004F9885 /* SettingsUITests.swift */; };
		5A96CB5A1C67DF79004F9885 /* UserEmailVC.swift in Sources */ = {isa = PBXBuildFile; fileRef = 5A96CB591C67DF79004F9885 /* UserEmailVC.swift */; };
		5A96CB691C6D0A15004F9885 /* Utils.swift in Sources */ = {isa = PBXBuildFile; fileRef = 5A96CB681C6D0A15004F9885 /* Utils.swift */; };
		5A9FBF461D4385D300A20AA6 /* camera.png in Resources */ = {isa = PBXBuildFile; fileRef = 5A9FBF451D4385D300A20AA6 /* camera.png */; };
		5AB6C1351C16161B001B6357 /* ActivitiesTableViewCellHeader.swift in Sources */ = {isa = PBXBuildFile; fileRef = 5AB6C1341C16161B001B6357 /* ActivitiesTableViewCellHeader.swift */; };
		5AB850721C2F00350042E9A5 /* ActivityVC.swift in Sources */ = {isa = PBXBuildFile; fileRef = 5AB850711C2F00350042E9A5 /* ActivityVC.swift */; };
		5AC0A55D1C9C7EA500F5DB41 /* AboutVC.swift in Sources */ = {isa = PBXBuildFile; fileRef = 5AC0A55C1C9C7EA500F5DB41 /* AboutVC.swift */; };
		5AC201F01B065B730088C278 /* AppDelegate.swift in Sources */ = {isa = PBXBuildFile; fileRef = 5AC201EF1B065B730088C278 /* AppDelegate.swift */; };
		5AC201F51B065B730088C278 /* Main.storyboard in Resources */ = {isa = PBXBuildFile; fileRef = 5AC201F31B065B730088C278 /* Main.storyboard */; };
		5AC201F71B065B730088C278 /* Images.xcassets in Resources */ = {isa = PBXBuildFile; fileRef = 5AC201F61B065B730088C278 /* Images.xcassets */; };
		5AC201FA1B065B730088C278 /* LaunchScreen.xib in Resources */ = {isa = PBXBuildFile; fileRef = 5AC201F81B065B730088C278 /* LaunchScreen.xib */; };
		5AC660511CAC3626007DD397 /* logo_rounded_large.png in Resources */ = {isa = PBXBuildFile; fileRef = 5AC660501CAC3626007DD397 /* logo_rounded_large.png */; };
		5AD489741CEBB3790088550D /* SwiftyJSON.swift in Sources */ = {isa = PBXBuildFile; fileRef = 5AD489731CEBB3790088550D /* SwiftyJSON.swift */; };
		5ADD1E4A1C00DEA800229A56 /* RegisterVC.swift in Sources */ = {isa = PBXBuildFile; fileRef = 5ADD1E491C00DEA800229A56 /* RegisterVC.swift */; };
		5AE03D0A1B52C9F800B544F5 /* config.plist in Resources */ = {isa = PBXBuildFile; fileRef = 5AE03D091B52C9F800B544F5 /* config.plist */; };
		5AE8A7AD1B4010C100944266 /* ActivtitiesTableViewCell.swift in Sources */ = {isa = PBXBuildFile; fileRef = 5AE8A7AC1B4010C100944266 /* ActivtitiesTableViewCell.swift */; };
		5AEACE421B977533001A9007 /* ApiHandler.swift in Sources */ = {isa = PBXBuildFile; fileRef = 5AEACE411B977533001A9007 /* ApiHandler.swift */; };
		5AEF5A3F1C03977700C08C6C /* UIColorExtension.swift in Sources */ = {isa = PBXBuildFile; fileRef = 5AEF5A3E1C03977700C08C6C /* UIColorExtension.swift */; };
		5AEF5A411C08EB1300C08C6C /* UIElements.swift in Sources */ = {isa = PBXBuildFile; fileRef = 5AEF5A401C08EB1300C08C6C /* UIElements.swift */; };
		5AEF5A431C0A211A00C08C6C /* ProfileEditVC.swift in Sources */ = {isa = PBXBuildFile; fileRef = 5AEF5A421C0A211A00C08C6C /* ProfileEditVC.swift */; };
		B02892A6E5800CA640D0C285 /* Pods_trafie.framework in Frameworks */ = {isa = PBXBuildFile; fileRef = 7D70FAE3888B604EF5BC0411 /* Pods_trafie.framework */; };
/* End PBXBuildFile section */

/* Begin PBXContainerItemProxy section */
		5A13FB661C18CE3000ACACE3 /* PBXContainerItemProxy */ = {
			isa = PBXContainerItemProxy;
			containerPortal = 5AC201E21B065B730088C278 /* Project object */;
			proxyType = 1;
			remoteGlobalIDString = 5AC201E91B065B730088C278;
			remoteInfo = trafie;
		};
		5AC202001B065B730088C278 /* PBXContainerItemProxy */ = {
			isa = PBXContainerItemProxy;
			containerPortal = 5AC201E21B065B730088C278 /* Project object */;
			proxyType = 1;
			remoteGlobalIDString = 5AC201E91B065B730088C278;
			remoteInfo = trafie;
		};
/* End PBXContainerItemProxy section */

/* Begin PBXFileReference section */
		38AA2969C5259088474E5D0B /* Pods-trafie.release.xcconfig */ = {isa = PBXFileReference; includeInIndex = 1; lastKnownFileType = text.xcconfig; name = "Pods-trafie.release.xcconfig"; path = "Pods/Target Support Files/Pods-trafie/Pods-trafie.release.xcconfig"; sourceTree = "<group>"; };
		499503C086F9CE2B567C4684 /* Pods-trafie.debug.xcconfig */ = {isa = PBXFileReference; includeInIndex = 1; lastKnownFileType = text.xcconfig; name = "Pods-trafie.debug.xcconfig"; path = "Pods/Target Support Files/Pods-trafie/Pods-trafie.debug.xcconfig"; sourceTree = "<group>"; };
		5A042C541B09127800B45027 /* Common.swift */ = {isa = PBXFileReference; fileEncoding = 4; lastKnownFileType = sourcecode.swift; name = Common.swift; path = Controllers/Common.swift; sourceTree = "<group>"; };
		5A0E41131C2725B9000C2F07 /* ChangePasswordVC.swift */ = {isa = PBXFileReference; fileEncoding = 4; lastKnownFileType = sourcecode.swift; path = ChangePasswordVC.swift; sourceTree = "<group>"; };
		5A13FB611C18CE3000ACACE3 /* trafieUITests.xctest */ = {isa = PBXFileReference; explicitFileType = wrapper.cfbundle; includeInIndex = 0; path = trafieUITests.xctest; sourceTree = BUILT_PRODUCTS_DIR; };
		5A13FB631C18CE3000ACACE3 /* LoginUITests.swift */ = {isa = PBXFileReference; lastKnownFileType = sourcecode.swift; path = LoginUITests.swift; sourceTree = "<group>"; };
		5A1876001D29A71000C9C39D /* dummy_user_profile.png */ = {isa = PBXFileReference; lastKnownFileType = image.png; path = dummy_user_profile.png; sourceTree = "<group>"; };
		5A1C8FA81B07BDF30098DCFB /* ProfileVC.swift */ = {isa = PBXFileReference; fileEncoding = 4; lastKnownFileType = sourcecode.swift; name = ProfileVC.swift; path = Controllers/ProfileVC.swift; sourceTree = "<group>"; };
		5A1C8FAA1B07BE190098DCFB /* ActivitiesVC.swift */ = {isa = PBXFileReference; fileEncoding = 4; lastKnownFileType = sourcecode.swift; name = ActivitiesVC.swift; path = Controllers/ActivitiesVC.swift; sourceTree = "<group>"; };
		5A1FB70D1CF7893B00B5EEF9 /* GoogleService-Info.plist */ = {isa = PBXFileReference; fileEncoding = 4; lastKnownFileType = text.plist.xml; path = "GoogleService-Info.plist"; sourceTree = "<group>"; };
		5A1FB7101CF78EF400B5EEF9 /* trafie-Bridging-Header.h */ = {isa = PBXFileReference; lastKnownFileType = sourcecode.c.h; path = "trafie-Bridging-Header.h"; sourceTree = SOURCE_ROOT; };
		5A1FB7151CFA019300B5EEF9 /* CWStatusBarNotification.swift */ = {isa = PBXFileReference; fileEncoding = 4; lastKnownFileType = sourcecode.swift; path = CWStatusBarNotification.swift; sourceTree = "<group>"; };
		5A1FB7161CFA019300B5EEF9 /* CWStatusBarNotificationUtils.swift */ = {isa = PBXFileReference; fileEncoding = 4; lastKnownFileType = sourcecode.swift; path = CWStatusBarNotificationUtils.swift; sourceTree = "<group>"; };
		5A2769FE1D0B23140032A3E1 /* DBInterfaceHandler.swift */ = {isa = PBXFileReference; fileEncoding = 4; lastKnownFileType = sourcecode.swift; path = DBInterfaceHandler.swift; sourceTree = "<group>"; };
		5A2E972D1BE3E42900065577 /* Reach.swift */ = {isa = PBXFileReference; fileEncoding = 4; lastKnownFileType = sourcecode.swift; path = Reach.swift; sourceTree = "<group>"; };
		5A5072D31D04845F0024C501 /* ActivityObject.swift */ = {isa = PBXFileReference; fileEncoding = 4; lastKnownFileType = sourcecode.swift; path = ActivityObject.swift; sourceTree = "<group>"; };
		5A57F5E01C4EC36E00628CED /* trafieText.png */ = {isa = PBXFileReference; lastKnownFileType = image.png; path = trafieText.png; sourceTree = "<group>"; };
		5A61BFC81D106FE300E84786 /* ObjectExtension.swift */ = {isa = PBXFileReference; fileEncoding = 4; lastKnownFileType = sourcecode.swift; path = ObjectExtension.swift; sourceTree = "<group>"; };
		5A61BFC91D106FE300E84786 /* RealmChange.swift */ = {isa = PBXFileReference; fileEncoding = 4; lastKnownFileType = sourcecode.swift; path = RealmChange.swift; sourceTree = "<group>"; };
		5A61BFCA1D106FE300E84786 /* RealmExtension.swift */ = {isa = PBXFileReference; fileEncoding = 4; lastKnownFileType = sourcecode.swift; path = RealmExtension.swift; sourceTree = "<group>"; };
		5A61BFCB1D106FE300E84786 /* RealmLogger.swift */ = {isa = PBXFileReference; fileEncoding = 4; lastKnownFileType = sourcecode.swift; path = RealmLogger.swift; sourceTree = "<group>"; };
		5A61BFCC1D106FE300E84786 /* RealmNotification.swift */ = {isa = PBXFileReference; fileEncoding = 4; lastKnownFileType = sourcecode.swift; path = RealmNotification.swift; sourceTree = "<group>"; };
		5A61BFCD1D106FE300E84786 /* RealmQueueManager.swift */ = {isa = PBXFileReference; fileEncoding = 4; lastKnownFileType = sourcecode.swift; path = RealmQueueManager.swift; sourceTree = "<group>"; };
		5A61BFCE1D106FE300E84786 /* RealmRequest.swift */ = {isa = PBXFileReference; fileEncoding = 4; lastKnownFileType = sourcecode.swift; path = RealmRequest.swift; sourceTree = "<group>"; };
		5A61BFCF1D106FE300E84786 /* RealmResultsCache.swift */ = {isa = PBXFileReference; fileEncoding = 4; lastKnownFileType = sourcecode.swift; path = RealmResultsCache.swift; sourceTree = "<group>"; };
		5A61BFD01D106FE300E84786 /* RealmResultsController.swift */ = {isa = PBXFileReference; fileEncoding = 4; lastKnownFileType = sourcecode.swift; path = RealmResultsController.swift; sourceTree = "<group>"; };
		5A61BFD11D106FE300E84786 /* RealmSection.swift */ = {isa = PBXFileReference; fileEncoding = 4; lastKnownFileType = sourcecode.swift; path = RealmSection.swift; sourceTree = "<group>"; };
		5A61BFD21D106FE300E84786 /* RealmThreadHelper.swift */ = {isa = PBXFileReference; fileEncoding = 4; lastKnownFileType = sourcecode.swift; path = RealmThreadHelper.swift; sourceTree = "<group>"; };
		5A61BFE01D11D36800E84786 /* InitVC.swift */ = {isa = PBXFileReference; fileEncoding = 4; lastKnownFileType = sourcecode.swift; path = InitVC.swift; sourceTree = "<group>"; };
		5A61BFE21D11F69400E84786 /* RealmResultsController-iOS.h */ = {isa = PBXFileReference; lastKnownFileType = sourcecode.c.h; path = "RealmResultsController-iOS.h"; sourceTree = "<group>"; };
		5A6A3C641CDD00CA00237D89 /* DAExpandAnimation.swift */ = {isa = PBXFileReference; fileEncoding = 4; lastKnownFileType = sourcecode.swift; path = DAExpandAnimation.swift; sourceTree = "<group>"; };
		5A75242E1B7637860091B263 /* el */ = {isa = PBXFileReference; lastKnownFileType = text.plist.strings; name = el; path = el.lproj/LaunchScreen.strings; sourceTree = "<group>"; };
		5A75243A1B7640790091B263 /* en */ = {isa = PBXFileReference; lastKnownFileType = text.plist.strings; name = en; path = en.lproj/Localizable.strings; sourceTree = "<group>"; };
		5A7524461B778ADD0091B263 /* LoginVC.swift */ = {isa = PBXFileReference; fileEncoding = 4; lastKnownFileType = sourcecode.swift; name = LoginVC.swift; path = Controllers/LoginVC.swift; sourceTree = "<group>"; };
		5A7A99481C25D89F002F8347 /* ResetPasswordVC.swift */ = {isa = PBXFileReference; fileEncoding = 4; lastKnownFileType = sourcecode.swift; path = ResetPasswordVC.swift; sourceTree = "<group>"; };
		5A7E23501CAFF63200BCB975 /* activities_empty_state.png */ = {isa = PBXFileReference; lastKnownFileType = image.png; path = activities_empty_state.png; sourceTree = "<group>"; };
		5A7E23521CB2D69B00BCB975 /* email_pending.png */ = {isa = PBXFileReference; lastKnownFileType = image.png; path = email_pending.png; sourceTree = "<group>"; };
		5A7E23531CB2D69B00BCB975 /* email_confirmed.png */ = {isa = PBXFileReference; lastKnownFileType = image.png; path = email_confirmed.png; sourceTree = "<group>"; };
		5A7EC11C1B6D10C1009E5F71 /* AddActivityVC.swift */ = {isa = PBXFileReference; fileEncoding = 4; lastKnownFileType = sourcecode.swift; name = AddActivityVC.swift; path = Controllers/AddActivityVC.swift; sourceTree = "<group>"; };
		5A84B8301C5D312C00304EB6 /* SweetAlert.swift */ = {isa = PBXFileReference; fileEncoding = 4; lastKnownFileType = sourcecode.swift; path = SweetAlert.swift; sourceTree = "<group>"; };
		5A8B2D381D242B3800255831 /* KMPlaceholderTextView.swift */ = {isa = PBXFileReference; fileEncoding = 4; lastKnownFileType = sourcecode.swift; path = KMPlaceholderTextView.swift; sourceTree = "<group>"; };
		5A96072A1C957E6B002F8D32 /* FeedbackVC.swift */ = {isa = PBXFileReference; fileEncoding = 4; lastKnownFileType = sourcecode.swift; path = FeedbackVC.swift; sourceTree = "<group>"; };
		5A96CB531C5E9AB0004F9885 /* ActivitiesUITests.swift */ = {isa = PBXFileReference; fileEncoding = 4; lastKnownFileType = sourcecode.swift; path = ActivitiesUITests.swift; sourceTree = "<group>"; };
		5A96CB551C5E9ADA004F9885 /* ProfileUITests.swift */ = {isa = PBXFileReference; fileEncoding = 4; lastKnownFileType = sourcecode.swift; path = ProfileUITests.swift; sourceTree = "<group>"; };
		5A96CB571C5E9AE5004F9885 /* SettingsUITests.swift */ = {isa = PBXFileReference; fileEncoding = 4; lastKnownFileType = sourcecode.swift; path = SettingsUITests.swift; sourceTree = "<group>"; };
		5A96CB591C67DF79004F9885 /* UserEmailVC.swift */ = {isa = PBXFileReference; fileEncoding = 4; lastKnownFileType = sourcecode.swift; path = UserEmailVC.swift; sourceTree = "<group>"; };
		5A96CB681C6D0A15004F9885 /* Utils.swift */ = {isa = PBXFileReference; fileEncoding = 4; lastKnownFileType = sourcecode.swift; path = Utils.swift; sourceTree = "<group>"; };
		5A9FBF451D4385D300A20AA6 /* camera.png */ = {isa = PBXFileReference; lastKnownFileType = image.png; path = camera.png; sourceTree = "<group>"; };
		5AB6C1341C16161B001B6357 /* ActivitiesTableViewCellHeader.swift */ = {isa = PBXFileReference; fileEncoding = 4; lastKnownFileType = sourcecode.swift; path = ActivitiesTableViewCellHeader.swift; sourceTree = "<group>"; };
		5AB850711C2F00350042E9A5 /* ActivityVC.swift */ = {isa = PBXFileReference; fileEncoding = 4; lastKnownFileType = sourcecode.swift; path = ActivityVC.swift; sourceTree = "<group>"; };
		5AC0A55C1C9C7EA500F5DB41 /* AboutVC.swift */ = {isa = PBXFileReference; fileEncoding = 4; lastKnownFileType = sourcecode.swift; path = AboutVC.swift; sourceTree = "<group>"; };
		5AC201EA1B065B730088C278 /* trafie.app */ = {isa = PBXFileReference; explicitFileType = wrapper.application; includeInIndex = 0; path = trafie.app; sourceTree = BUILT_PRODUCTS_DIR; };
		5AC201EE1B065B730088C278 /* Info.plist */ = {isa = PBXFileReference; lastKnownFileType = text.plist.xml; path = Info.plist; sourceTree = "<group>"; };
		5AC201EF1B065B730088C278 /* AppDelegate.swift */ = {isa = PBXFileReference; lastKnownFileType = sourcecode.swift; path = AppDelegate.swift; sourceTree = "<group>"; };
		5AC201F41B065B730088C278 /* Base */ = {isa = PBXFileReference; lastKnownFileType = file.storyboard; name = Base; path = Base.lproj/Main.storyboard; sourceTree = "<group>"; };
		5AC201F61B065B730088C278 /* Images.xcassets */ = {isa = PBXFileReference; lastKnownFileType = folder.assetcatalog; path = Images.xcassets; sourceTree = "<group>"; };
		5AC201F91B065B730088C278 /* Base */ = {isa = PBXFileReference; lastKnownFileType = file.xib; name = Base; path = Base.lproj/LaunchScreen.xib; sourceTree = "<group>"; };
		5AC201FF1B065B730088C278 /* trafieTests.xctest */ = {isa = PBXFileReference; explicitFileType = wrapper.cfbundle; includeInIndex = 0; path = trafieTests.xctest; sourceTree = BUILT_PRODUCTS_DIR; };
		5AC202041B065B730088C278 /* Info.plist */ = {isa = PBXFileReference; lastKnownFileType = text.plist.xml; name = Info.plist; path = ../trafieTests/Info.plist; sourceTree = "<group>"; };
		5AC660501CAC3626007DD397 /* logo_rounded_large.png */ = {isa = PBXFileReference; lastKnownFileType = image.png; path = logo_rounded_large.png; sourceTree = "<group>"; };
		5AD489731CEBB3790088550D /* SwiftyJSON.swift */ = {isa = PBXFileReference; fileEncoding = 4; lastKnownFileType = sourcecode.swift; path = SwiftyJSON.swift; sourceTree = "<group>"; };
		5ADD1E491C00DEA800229A56 /* RegisterVC.swift */ = {isa = PBXFileReference; fileEncoding = 4; lastKnownFileType = sourcecode.swift; path = RegisterVC.swift; sourceTree = "<group>"; };
		5AE03D091B52C9F800B544F5 /* config.plist */ = {isa = PBXFileReference; fileEncoding = 4; lastKnownFileType = text.plist.xml; path = config.plist; sourceTree = "<group>"; };
		5AE8A7AC1B4010C100944266 /* ActivtitiesTableViewCell.swift */ = {isa = PBXFileReference; fileEncoding = 4; lastKnownFileType = sourcecode.swift; name = ActivtitiesTableViewCell.swift; path = Controllers/ActivtitiesTableViewCell.swift; sourceTree = "<group>"; };
		5AEACE411B977533001A9007 /* ApiHandler.swift */ = {isa = PBXFileReference; fileEncoding = 4; lastKnownFileType = sourcecode.swift; path = ApiHandler.swift; sourceTree = "<group>"; };
		5AEF5A3E1C03977700C08C6C /* UIColorExtension.swift */ = {isa = PBXFileReference; fileEncoding = 4; lastKnownFileType = sourcecode.swift; path = UIColorExtension.swift; sourceTree = "<group>"; };
		5AEF5A401C08EB1300C08C6C /* UIElements.swift */ = {isa = PBXFileReference; fileEncoding = 4; lastKnownFileType = sourcecode.swift; path = UIElements.swift; sourceTree = "<group>"; };
		5AEF5A421C0A211A00C08C6C /* ProfileEditVC.swift */ = {isa = PBXFileReference; fileEncoding = 4; lastKnownFileType = sourcecode.swift; path = ProfileEditVC.swift; sourceTree = "<group>"; };
		7D70FAE3888B604EF5BC0411 /* Pods_trafie.framework */ = {isa = PBXFileReference; explicitFileType = wrapper.framework; includeInIndex = 0; path = Pods_trafie.framework; sourceTree = BUILT_PRODUCTS_DIR; };
/* End PBXFileReference section */

/* Begin PBXFrameworksBuildPhase section */
		5A13FB5E1C18CE3000ACACE3 /* Frameworks */ = {
			isa = PBXFrameworksBuildPhase;
			buildActionMask = 2147483647;
			files = (
			);
			runOnlyForDeploymentPostprocessing = 0;
		};
		5AC201E71B065B730088C278 /* Frameworks */ = {
			isa = PBXFrameworksBuildPhase;
			buildActionMask = 2147483647;
			files = (
				B02892A6E5800CA640D0C285 /* Pods_trafie.framework in Frameworks */,
			);
			runOnlyForDeploymentPostprocessing = 0;
		};
		5AC201FC1B065B730088C278 /* Frameworks */ = {
			isa = PBXFrameworksBuildPhase;
			buildActionMask = 2147483647;
			files = (
			);
			runOnlyForDeploymentPostprocessing = 0;
		};
/* End PBXFrameworksBuildPhase section */

/* Begin PBXGroup section */
		5A042C531B09124E00B45027 /* Helpers */ = {
			isa = PBXGroup;
			children = (
				5A61BFC71D106FE300E84786 /* RealmResultController */,
				5A61BFC61D10676300E84786 /* UserInteraction */,
				5A042C541B09127800B45027 /* Common.swift */,
				5AEACE411B977533001A9007 /* ApiHandler.swift */,
				5A2E972D1BE3E42900065577 /* Reach.swift */,
				5A96CB681C6D0A15004F9885 /* Utils.swift */,
				5AD489731CEBB3790088550D /* SwiftyJSON.swift */,
				5A2769FE1D0B23140032A3E1 /* DBInterfaceHandler.swift */,
			);
			name = Helpers;
			sourceTree = "<group>";
		};
		5A13FB621C18CE3000ACACE3 /* trafieUITests */ = {
			isa = PBXGroup;
			children = (
				5A13FB631C18CE3000ACACE3 /* LoginUITests.swift */,
				5A96CB531C5E9AB0004F9885 /* ActivitiesUITests.swift */,
				5A96CB551C5E9ADA004F9885 /* ProfileUITests.swift */,
				5A96CB571C5E9AE5004F9885 /* SettingsUITests.swift */,
				5AC202041B065B730088C278 /* Info.plist */,
			);
			path = trafieUITests;
			sourceTree = "<group>";
		};
		5A61BFC61D10676300E84786 /* UserInteraction */ = {
			isa = PBXGroup;
			children = (
				5A8B2D381D242B3800255831 /* KMPlaceholderTextView.swift */,
				5AEF5A3E1C03977700C08C6C /* UIColorExtension.swift */,
				5AEF5A401C08EB1300C08C6C /* UIElements.swift */,
				5A1FB7151CFA019300B5EEF9 /* CWStatusBarNotification.swift */,
				5A1FB7161CFA019300B5EEF9 /* CWStatusBarNotificationUtils.swift */,
				5A6A3C641CDD00CA00237D89 /* DAExpandAnimation.swift */,
				5A84B8301C5D312C00304EB6 /* SweetAlert.swift */,
			);
			name = UserInteraction;
			sourceTree = "<group>";
		};
		5A61BFC71D106FE300E84786 /* RealmResultController */ = {
			isa = PBXGroup;
			children = (
				5A61BFE21D11F69400E84786 /* RealmResultsController-iOS.h */,
				5A61BFC81D106FE300E84786 /* ObjectExtension.swift */,
				5A61BFC91D106FE300E84786 /* RealmChange.swift */,
				5A61BFCA1D106FE300E84786 /* RealmExtension.swift */,
				5A61BFCB1D106FE300E84786 /* RealmLogger.swift */,
				5A61BFCC1D106FE300E84786 /* RealmNotification.swift */,
				5A61BFCD1D106FE300E84786 /* RealmQueueManager.swift */,
				5A61BFCE1D106FE300E84786 /* RealmRequest.swift */,
				5A61BFCF1D106FE300E84786 /* RealmResultsCache.swift */,
				5A61BFD01D106FE300E84786 /* RealmResultsController.swift */,
				5A61BFD11D106FE300E84786 /* RealmSection.swift */,
				5A61BFD21D106FE300E84786 /* RealmThreadHelper.swift */,
			);
			name = RealmResultController;
			path = Source;
			sourceTree = "<group>";
		};
		5AC201E11B065B730088C278 = {
			isa = PBXGroup;
			children = (
				5AC201EC1B065B730088C278 /* trafie */,
				5A13FB621C18CE3000ACACE3 /* trafieUITests */,
				5AC201EB1B065B730088C278 /* Products */,
				929D1ECA1FBD0C409A514F9B /* Pods */,
				5DF2DFFBABCFCEF04E777F72 /* Frameworks */,
			);
			sourceTree = "<group>";
		};
		5AC201EB1B065B730088C278 /* Products */ = {
			isa = PBXGroup;
			children = (
				5AC201EA1B065B730088C278 /* trafie.app */,
				5AC201FF1B065B730088C278 /* trafieTests.xctest */,
				5A13FB611C18CE3000ACACE3 /* trafieUITests.xctest */,
			);
			name = Products;
			sourceTree = "<group>";
		};
		5AC201EC1B065B730088C278 /* trafie */ = {
			isa = PBXGroup;
			children = (
				5A75243B1B7640790091B263 /* Localizable.strings */,
				5A042C531B09124E00B45027 /* Helpers */,
				5AC202111B07AA070088C278 /* ViewsPartials */,
				5AC2020F1B07A9F60088C278 /* ViewControllers */,
				5AC202101B07AA000088C278 /* Models */,
				5AC201EF1B065B730088C278 /* AppDelegate.swift */,
				5AC201F31B065B730088C278 /* Main.storyboard */,
				5AC201ED1B065B730088C278 /* Supporting Files */,
			);
			path = trafie;
			sourceTree = "<group>";
		};
		5AC201ED1B065B730088C278 /* Supporting Files */ = {
			isa = PBXGroup;
			children = (
				5A1FB7101CF78EF400B5EEF9 /* trafie-Bridging-Header.h */,
				5AC201F81B065B730088C278 /* LaunchScreen.xib */,
				5AC202121B07AB6B0088C278 /* images */,
				5AC201EE1B065B730088C278 /* Info.plist */,
				5A1FB70D1CF7893B00B5EEF9 /* GoogleService-Info.plist */,
				5AC201F61B065B730088C278 /* Images.xcassets */,
				5AE03D091B52C9F800B544F5 /* config.plist */,
			);
			name = "Supporting Files";
			sourceTree = "<group>";
		};
		5AC2020F1B07A9F60088C278 /* ViewControllers */ = {
			isa = PBXGroup;
			children = (
				5A1C8FA81B07BDF30098DCFB /* ProfileVC.swift */,
				5A1C8FAA1B07BE190098DCFB /* ActivitiesVC.swift */,
				5A7EC11C1B6D10C1009E5F71 /* AddActivityVC.swift */,
				5A7524461B778ADD0091B263 /* LoginVC.swift */,
				5ADD1E491C00DEA800229A56 /* RegisterVC.swift */,
				5AEF5A421C0A211A00C08C6C /* ProfileEditVC.swift */,
				5A7A99481C25D89F002F8347 /* ResetPasswordVC.swift */,
				5A0E41131C2725B9000C2F07 /* ChangePasswordVC.swift */,
				5AB850711C2F00350042E9A5 /* ActivityVC.swift */,
				5A96CB591C67DF79004F9885 /* UserEmailVC.swift */,
				5A96072A1C957E6B002F8D32 /* FeedbackVC.swift */,
				5AC0A55C1C9C7EA500F5DB41 /* AboutVC.swift */,
				5A61BFE01D11D36800E84786 /* InitVC.swift */,
			);
			name = ViewControllers;
			sourceTree = "<group>";
		};
		5AC202101B07AA000088C278 /* Models */ = {
			isa = PBXGroup;
			children = (
				5A5072D31D04845F0024C501 /* ActivityObject.swift */,
			);
			name = Models;
			sourceTree = "<group>";
		};
		5AC202111B07AA070088C278 /* ViewsPartials */ = {
			isa = PBXGroup;
			children = (
				5AE8A7AC1B4010C100944266 /* ActivtitiesTableViewCell.swift */,
				5AB6C1341C16161B001B6357 /* ActivitiesTableViewCellHeader.swift */,
			);
			name = ViewsPartials;
			sourceTree = "<group>";
		};
		5AC202121B07AB6B0088C278 /* images */ = {
			isa = PBXGroup;
			children = (
				5A9FBF451D4385D300A20AA6 /* camera.png */,
				5A1876001D29A71000C9C39D /* dummy_user_profile.png */,
				5A7E23521CB2D69B00BCB975 /* email_pending.png */,
				5A7E23531CB2D69B00BCB975 /* email_confirmed.png */,
				5A7E23501CAFF63200BCB975 /* activities_empty_state.png */,
				5AC660501CAC3626007DD397 /* logo_rounded_large.png */,
				5A57F5E01C4EC36E00628CED /* trafieText.png */,
			);
			name = images;
			path = trafie;
			sourceTree = SOURCE_ROOT;
		};
		5DF2DFFBABCFCEF04E777F72 /* Frameworks */ = {
			isa = PBXGroup;
			children = (
				7D70FAE3888B604EF5BC0411 /* Pods_trafie.framework */,
			);
			name = Frameworks;
			sourceTree = "<group>";
		};
		929D1ECA1FBD0C409A514F9B /* Pods */ = {
			isa = PBXGroup;
			children = (
				499503C086F9CE2B567C4684 /* Pods-trafie.debug.xcconfig */,
				38AA2969C5259088474E5D0B /* Pods-trafie.release.xcconfig */,
			);
			name = Pods;
			sourceTree = "<group>";
		};
/* End PBXGroup section */

/* Begin PBXNativeTarget section */
		5A13FB601C18CE3000ACACE3 /* trafieUITests */ = {
			isa = PBXNativeTarget;
			buildConfigurationList = 5A13FB6A1C18CE3000ACACE3 /* Build configuration list for PBXNativeTarget "trafieUITests" */;
			buildPhases = (
				5A13FB5D1C18CE3000ACACE3 /* Sources */,
				5A13FB5E1C18CE3000ACACE3 /* Frameworks */,
				5A13FB5F1C18CE3000ACACE3 /* Resources */,
			);
			buildRules = (
			);
			dependencies = (
				5A13FB671C18CE3000ACACE3 /* PBXTargetDependency */,
			);
			name = trafieUITests;
			productName = trafieUITests;
			productReference = 5A13FB611C18CE3000ACACE3 /* trafieUITests.xctest */;
			productType = "com.apple.product-type.bundle.ui-testing";
		};
		5AC201E91B065B730088C278 /* trafie */ = {
			isa = PBXNativeTarget;
			buildConfigurationList = 5AC202091B065B730088C278 /* Build configuration list for PBXNativeTarget "trafie" */;
			buildPhases = (
				36FD55929C50C2F0E49B7AC6 /* [CP] Check Pods Manifest.lock */,
				5AC201E61B065B730088C278 /* Sources */,
				5AC201E71B065B730088C278 /* Frameworks */,
				5AC201E81B065B730088C278 /* Resources */,
				7EB905180FF0BE3B33790198 /* [CP] Embed Pods Frameworks */,
				1C07C4C3926FF3CCD8DB1044 /* [CP] Copy Pods Resources */,
			);
			buildRules = (
			);
			dependencies = (
			);
			name = trafie;
			productName = trafie;
			productReference = 5AC201EA1B065B730088C278 /* trafie.app */;
			productType = "com.apple.product-type.application";
		};
		5AC201FE1B065B730088C278 /* trafieTests */ = {
			isa = PBXNativeTarget;
			buildConfigurationList = 5AC2020C1B065B730088C278 /* Build configuration list for PBXNativeTarget "trafieTests" */;
			buildPhases = (
				5AC201FB1B065B730088C278 /* Sources */,
				5AC201FC1B065B730088C278 /* Frameworks */,
				5AC201FD1B065B730088C278 /* Resources */,
			);
			buildRules = (
			);
			dependencies = (
				5AC202011B065B730088C278 /* PBXTargetDependency */,
			);
			name = trafieTests;
			productName = trafieTests;
			productReference = 5AC201FF1B065B730088C278 /* trafieTests.xctest */;
			productType = "com.apple.product-type.bundle.unit-test";
		};
/* End PBXNativeTarget section */

/* Begin PBXProject section */
		5AC201E21B065B730088C278 /* Project object */ = {
			isa = PBXProject;
			attributes = {
				LastSwiftMigration = 0710;
				LastSwiftUpdateCheck = 0720;
				LastUpgradeCheck = 0710;
				ORGANIZATIONNAME = "Mathioudakis Theodore";
				TargetAttributes = {
					5A13FB601C18CE3000ACACE3 = {
						CreatedOnToolsVersion = 7.2;
						TestTargetID = 5AC201E91B065B730088C278;
					};
					5AC201E91B065B730088C278 = {
						CreatedOnToolsVersion = 6.3.1;
						DevelopmentTeam = K4587D2ZVR;
					};
					5AC201FE1B065B730088C278 = {
						CreatedOnToolsVersion = 6.3.1;
						TestTargetID = 5AC201E91B065B730088C278;
					};
				};
			};
			buildConfigurationList = 5AC201E51B065B730088C278 /* Build configuration list for PBXProject "trafie" */;
			compatibilityVersion = "Xcode 3.2";
			developmentRegion = English;
			hasScannedForEncodings = 0;
			knownRegions = (
				en,
				Base,
				el,
			);
			mainGroup = 5AC201E11B065B730088C278;
			productRefGroup = 5AC201EB1B065B730088C278 /* Products */;
			projectDirPath = "";
			projectRoot = "";
			targets = (
				5AC201E91B065B730088C278 /* trafie */,
				5AC201FE1B065B730088C278 /* trafieTests */,
				5A13FB601C18CE3000ACACE3 /* trafieUITests */,
			);
		};
/* End PBXProject section */

/* Begin PBXResourcesBuildPhase section */
		5A13FB5F1C18CE3000ACACE3 /* Resources */ = {
			isa = PBXResourcesBuildPhase;
			buildActionMask = 2147483647;
			files = (
			);
			runOnlyForDeploymentPostprocessing = 0;
		};
		5AC201E81B065B730088C278 /* Resources */ = {
			isa = PBXResourcesBuildPhase;
			buildActionMask = 2147483647;
			files = (
				5A57F5E11C4EC36E00628CED /* trafieText.png in Resources */,
				5AE03D0A1B52C9F800B544F5 /* config.plist in Resources */,
				5AC660511CAC3626007DD397 /* logo_rounded_large.png in Resources */,
				5A7524381B7640790091B263 /* Localizable.strings in Resources */,
				5A7E23551CB2D69B00BCB975 /* email_confirmed.png in Resources */,
				5AC201F51B065B730088C278 /* Main.storyboard in Resources */,
				5A9FBF461D4385D300A20AA6 /* camera.png in Resources */,
				5AC201FA1B065B730088C278 /* LaunchScreen.xib in Resources */,
				5AC201F71B065B730088C278 /* Images.xcassets in Resources */,
				5A1FB70E1CF7893B00B5EEF9 /* GoogleService-Info.plist in Resources */,
				5A7E23541CB2D69B00BCB975 /* email_pending.png in Resources */,
				5A7E23511CAFF63200BCB975 /* activities_empty_state.png in Resources */,
				5A1876011D29A71000C9C39D /* dummy_user_profile.png in Resources */,
			);
			runOnlyForDeploymentPostprocessing = 0;
		};
		5AC201FD1B065B730088C278 /* Resources */ = {
			isa = PBXResourcesBuildPhase;
			buildActionMask = 2147483647;
			files = (
				5A7524391B7640790091B263 /* Localizable.strings in Resources */,
			);
			runOnlyForDeploymentPostprocessing = 0;
		};
/* End PBXResourcesBuildPhase section */

/* Begin PBXShellScriptBuildPhase section */
		1C07C4C3926FF3CCD8DB1044 /* [CP] Copy Pods Resources */ = {
			isa = PBXShellScriptBuildPhase;
			buildActionMask = 2147483647;
			files = (
			);
			inputPaths = (
			);
			name = "[CP] Copy Pods Resources";
			outputPaths = (
			);
			runOnlyForDeploymentPostprocessing = 0;
			shellPath = /bin/sh;
			shellScript = "\"${SRCROOT}/Pods/Target Support Files/Pods-trafie/Pods-trafie-resources.sh\"\n";
			showEnvVarsInLog = 0;
		};
		36FD55929C50C2F0E49B7AC6 /* [CP] Check Pods Manifest.lock */ = {
			isa = PBXShellScriptBuildPhase;
			buildActionMask = 2147483647;
			files = (
			);
			inputPaths = (
			);
			name = "[CP] Check Pods Manifest.lock";
			outputPaths = (
			);
			runOnlyForDeploymentPostprocessing = 0;
			shellPath = /bin/sh;
			shellScript = "diff \"${PODS_ROOT}/../Podfile.lock\" \"${PODS_ROOT}/Manifest.lock\" > /dev/null\nif [[ $? != 0 ]] ; then\n    cat << EOM\nerror: The sandbox is not in sync with the Podfile.lock. Run 'pod install' or update your CocoaPods installation.\nEOM\n    exit 1\nfi\n";
			showEnvVarsInLog = 0;
		};
		7EB905180FF0BE3B33790198 /* [CP] Embed Pods Frameworks */ = {
			isa = PBXShellScriptBuildPhase;
			buildActionMask = 2147483647;
			files = (
			);
			inputPaths = (
			);
			name = "[CP] Embed Pods Frameworks";
			outputPaths = (
			);
			runOnlyForDeploymentPostprocessing = 0;
			shellPath = /bin/sh;
			shellScript = "\"${SRCROOT}/Pods/Target Support Files/Pods-trafie/Pods-trafie-frameworks.sh\"\n";
			showEnvVarsInLog = 0;
		};
/* End PBXShellScriptBuildPhase section */

/* Begin PBXSourcesBuildPhase section */
		5A13FB5D1C18CE3000ACACE3 /* Sources */ = {
			isa = PBXSourcesBuildPhase;
			buildActionMask = 2147483647;
			files = (
				5A13FB641C18CE3000ACACE3 /* LoginUITests.swift in Sources */,
				5A96CB541C5E9AB0004F9885 /* ActivitiesUITests.swift in Sources */,
				5A96CB581C5E9AE5004F9885 /* SettingsUITests.swift in Sources */,
				5A96CB561C5E9ADA004F9885 /* ProfileUITests.swift in Sources */,
			);
			runOnlyForDeploymentPostprocessing = 0;
		};
		5AC201E61B065B730088C278 /* Sources */ = {
			isa = PBXSourcesBuildPhase;
			buildActionMask = 2147483647;
			files = (
				5AB850721C2F00350042E9A5 /* ActivityVC.swift in Sources */,
				5A61BFD61D106FE300E84786 /* RealmLogger.swift in Sources */,
				5A1C8FAB1B07BE190098DCFB /* ActivitiesVC.swift in Sources */,
				5A1C8FA91B07BDF30098DCFB /* ProfileVC.swift in Sources */,
				5A61BFD41D106FE300E84786 /* RealmChange.swift in Sources */,
				5AEF5A3F1C03977700C08C6C /* UIColorExtension.swift in Sources */,
				5A7EC11D1B6D10C1009E5F71 /* AddActivityVC.swift in Sources */,
				5AEF5A411C08EB1300C08C6C /* UIElements.swift in Sources */,
				5AEF5A431C0A211A00C08C6C /* ProfileEditVC.swift in Sources */,
				5A96CB691C6D0A15004F9885 /* Utils.swift in Sources */,
				5A96072B1C957E6B002F8D32 /* FeedbackVC.swift in Sources */,
				5AE8A7AD1B4010C100944266 /* ActivtitiesTableViewCell.swift in Sources */,
				5AD489741CEBB3790088550D /* SwiftyJSON.swift in Sources */,
				5AEACE421B977533001A9007 /* ApiHandler.swift in Sources */,
				5A8B2D391D242B3800255831 /* KMPlaceholderTextView.swift in Sources */,
				5A0E41141C2725B9000C2F07 /* ChangePasswordVC.swift in Sources */,
				5A61BFD71D106FE300E84786 /* RealmNotification.swift in Sources */,
				5A61BFD51D106FE300E84786 /* RealmExtension.swift in Sources */,
				5A84B8311C5D312C00304EB6 /* SweetAlert.swift in Sources */,
				5A61BFDC1D106FE300E84786 /* RealmSection.swift in Sources */,
				5A7A99491C25D89F002F8347 /* ResetPasswordVC.swift in Sources */,
				5A2E972E1BE3E42900065577 /* Reach.swift in Sources */,
				5A96CB5A1C67DF79004F9885 /* UserEmailVC.swift in Sources */,
				5A61BFDD1D106FE300E84786 /* RealmThreadHelper.swift in Sources */,
				5A7524471B778ADD0091B263 /* LoginVC.swift in Sources */,
				5AB6C1351C16161B001B6357 /* ActivitiesTableViewCellHeader.swift in Sources */,
				5A1FB7181CFA019300B5EEF9 /* CWStatusBarNotificationUtils.swift in Sources */,
				5A61BFDA1D106FE300E84786 /* RealmResultsCache.swift in Sources */,
				5A5072D41D04845F0024C501 /* ActivityObject.swift in Sources */,
				5AC201F01B065B730088C278 /* AppDelegate.swift in Sources */,
				5AC0A55D1C9C7EA500F5DB41 /* AboutVC.swift in Sources */,
				5A61BFD91D106FE300E84786 /* RealmRequest.swift in Sources */,
				5A61BFE11D11D36800E84786 /* InitVC.swift in Sources */,
				5A6A3C651CDD00CA00237D89 /* DAExpandAnimation.swift in Sources */,
				5A61BFD31D106FE300E84786 /* ObjectExtension.swift in Sources */,
				5A61BFD81D106FE300E84786 /* RealmQueueManager.swift in Sources */,
				5ADD1E4A1C00DEA800229A56 /* RegisterVC.swift in Sources */,
				5A61BFDB1D106FE300E84786 /* RealmResultsController.swift in Sources */,
				5A2769FF1D0B23140032A3E1 /* DBInterfaceHandler.swift in Sources */,
				5A1FB7171CFA019300B5EEF9 /* CWStatusBarNotification.swift in Sources */,
				5A042C551B09127800B45027 /* Common.swift in Sources */,
			);
			runOnlyForDeploymentPostprocessing = 0;
		};
		5AC201FB1B065B730088C278 /* Sources */ = {
			isa = PBXSourcesBuildPhase;
			buildActionMask = 2147483647;
			files = (
			);
			runOnlyForDeploymentPostprocessing = 0;
		};
/* End PBXSourcesBuildPhase section */

/* Begin PBXTargetDependency section */
		5A13FB671C18CE3000ACACE3 /* PBXTargetDependency */ = {
			isa = PBXTargetDependency;
			target = 5AC201E91B065B730088C278 /* trafie */;
			targetProxy = 5A13FB661C18CE3000ACACE3 /* PBXContainerItemProxy */;
		};
		5AC202011B065B730088C278 /* PBXTargetDependency */ = {
			isa = PBXTargetDependency;
			target = 5AC201E91B065B730088C278 /* trafie */;
			targetProxy = 5AC202001B065B730088C278 /* PBXContainerItemProxy */;
		};
/* End PBXTargetDependency section */

/* Begin PBXVariantGroup section */
		5A75243B1B7640790091B263 /* Localizable.strings */ = {
			isa = PBXVariantGroup;
			children = (
				5A75243A1B7640790091B263 /* en */,
			);
			name = Localizable.strings;
			sourceTree = "<group>";
		};
		5AC201F31B065B730088C278 /* Main.storyboard */ = {
			isa = PBXVariantGroup;
			children = (
				5AC201F41B065B730088C278 /* Base */,
			);
			name = Main.storyboard;
			sourceTree = "<group>";
		};
		5AC201F81B065B730088C278 /* LaunchScreen.xib */ = {
			isa = PBXVariantGroup;
			children = (
				5AC201F91B065B730088C278 /* Base */,
				5A75242E1B7637860091B263 /* el */,
			);
			name = LaunchScreen.xib;
			sourceTree = "<group>";
		};
/* End PBXVariantGroup section */

/* Begin XCBuildConfiguration section */
		5A13FB681C18CE3000ACACE3 /* Debug */ = {
			isa = XCBuildConfiguration;
			buildSettings = {
				DEBUG_INFORMATION_FORMAT = dwarf;
				INFOPLIST_FILE = trafieUITests/Info.plist;
				IPHONEOS_DEPLOYMENT_TARGET = 9.2;
				LD_RUNPATH_SEARCH_PATHS = "$(inherited) @executable_path/Frameworks @loader_path/Frameworks";
				PRODUCT_BUNDLE_IDENTIFIER = com.trafie.trafieUITests;
				PRODUCT_NAME = "$(TARGET_NAME)";
				TEST_TARGET_NAME = trafie;
				USES_XCTRUNNER = YES;
			};
			name = Debug;
		};
		5A13FB691C18CE3000ACACE3 /* Release */ = {
			isa = XCBuildConfiguration;
			buildSettings = {
				INFOPLIST_FILE = trafieUITests/Info.plist;
				IPHONEOS_DEPLOYMENT_TARGET = 9.2;
				LD_RUNPATH_SEARCH_PATHS = "$(inherited) @executable_path/Frameworks @loader_path/Frameworks";
				PRODUCT_BUNDLE_IDENTIFIER = com.trafie.trafieUITests;
				PRODUCT_NAME = "$(TARGET_NAME)";
				TEST_TARGET_NAME = trafie;
				USES_XCTRUNNER = YES;
			};
			name = Release;
		};
		5AC202071B065B730088C278 /* Debug */ = {
			isa = XCBuildConfiguration;
			buildSettings = {
				ALWAYS_SEARCH_USER_PATHS = NO;
				CLANG_CXX_LANGUAGE_STANDARD = "gnu++0x";
				CLANG_CXX_LIBRARY = "libc++";
				CLANG_ENABLE_MODULES = YES;
				CLANG_ENABLE_OBJC_ARC = YES;
				CLANG_WARN_BOOL_CONVERSION = YES;
				CLANG_WARN_CONSTANT_CONVERSION = YES;
				CLANG_WARN_DIRECT_OBJC_ISA_USAGE = YES_ERROR;
				CLANG_WARN_EMPTY_BODY = YES;
				CLANG_WARN_ENUM_CONVERSION = YES;
				CLANG_WARN_INT_CONVERSION = YES;
				CLANG_WARN_OBJC_ROOT_CLASS = YES_ERROR;
				CLANG_WARN_UNREACHABLE_CODE = YES;
				CLANG_WARN__DUPLICATE_METHOD_MATCH = YES;
				"CODE_SIGN_IDENTITY[sdk=iphoneos*]" = "iPhone Developer";
				COPY_PHASE_STRIP = NO;
				DEBUG_INFORMATION_FORMAT = "dwarf-with-dsym";
				ENABLE_STRICT_OBJC_MSGSEND = YES;
				ENABLE_TESTABILITY = YES;
				GCC_C_LANGUAGE_STANDARD = gnu99;
				GCC_DYNAMIC_NO_PIC = NO;
				GCC_NO_COMMON_BLOCKS = YES;
				GCC_OPTIMIZATION_LEVEL = 0;
				GCC_PREPROCESSOR_DEFINITIONS = (
					"DEBUG=1",
					"$(inherited)",
				);
				GCC_SYMBOLS_PRIVATE_EXTERN = NO;
				GCC_WARN_64_TO_32_BIT_CONVERSION = YES;
				GCC_WARN_ABOUT_RETURN_TYPE = YES_ERROR;
				GCC_WARN_UNDECLARED_SELECTOR = YES;
				GCC_WARN_UNINITIALIZED_AUTOS = YES_AGGRESSIVE;
				GCC_WARN_UNUSED_FUNCTION = YES;
				GCC_WARN_UNUSED_VARIABLE = YES;
				IPHONEOS_DEPLOYMENT_TARGET = 8.3;
				MTL_ENABLE_DEBUG_INFO = YES;
				ONLY_ACTIVE_ARCH = YES;
				SDKROOT = iphoneos;
				SWIFT_OPTIMIZATION_LEVEL = "-Onone";
				TARGETED_DEVICE_FAMILY = "1,2";
			};
			name = Debug;
		};
		5AC202081B065B730088C278 /* Release */ = {
			isa = XCBuildConfiguration;
			buildSettings = {
				ALWAYS_SEARCH_USER_PATHS = NO;
				CLANG_CXX_LANGUAGE_STANDARD = "gnu++0x";
				CLANG_CXX_LIBRARY = "libc++";
				CLANG_ENABLE_MODULES = YES;
				CLANG_ENABLE_OBJC_ARC = YES;
				CLANG_WARN_BOOL_CONVERSION = YES;
				CLANG_WARN_CONSTANT_CONVERSION = YES;
				CLANG_WARN_DIRECT_OBJC_ISA_USAGE = YES_ERROR;
				CLANG_WARN_EMPTY_BODY = YES;
				CLANG_WARN_ENUM_CONVERSION = YES;
				CLANG_WARN_INT_CONVERSION = YES;
				CLANG_WARN_OBJC_ROOT_CLASS = YES_ERROR;
				CLANG_WARN_UNREACHABLE_CODE = YES;
				CLANG_WARN__DUPLICATE_METHOD_MATCH = YES;
				"CODE_SIGN_IDENTITY[sdk=iphoneos*]" = "iPhone Developer";
				COPY_PHASE_STRIP = NO;
				DEBUG_INFORMATION_FORMAT = "dwarf-with-dsym";
				ENABLE_NS_ASSERTIONS = NO;
				ENABLE_STRICT_OBJC_MSGSEND = YES;
				GCC_C_LANGUAGE_STANDARD = gnu99;
				GCC_NO_COMMON_BLOCKS = YES;
				GCC_WARN_64_TO_32_BIT_CONVERSION = YES;
				GCC_WARN_ABOUT_RETURN_TYPE = YES_ERROR;
				GCC_WARN_UNDECLARED_SELECTOR = YES;
				GCC_WARN_UNINITIALIZED_AUTOS = YES_AGGRESSIVE;
				GCC_WARN_UNUSED_FUNCTION = YES;
				GCC_WARN_UNUSED_VARIABLE = YES;
				IPHONEOS_DEPLOYMENT_TARGET = 8.3;
				MTL_ENABLE_DEBUG_INFO = NO;
				SDKROOT = iphoneos;
				TARGETED_DEVICE_FAMILY = "1,2";
				VALIDATE_PRODUCT = YES;
			};
			name = Release;
		};
		5AC2020A1B065B730088C278 /* Debug */ = {
			isa = XCBuildConfiguration;
			baseConfigurationReference = 499503C086F9CE2B567C4684 /* Pods-trafie.debug.xcconfig */;
			buildSettings = {
				ASSETCATALOG_COMPILER_APPICON_NAME = AppIcon;
				CODE_SIGN_IDENTITY = "iPhone Developer";
				"CODE_SIGN_IDENTITY[sdk=iphoneos*]" = "iPhone Developer";
				FRAMEWORK_SEARCH_PATHS = (
					"$(inherited)",
					"$(PROJECT_DIR)",
				);
				INFOPLIST_FILE = trafie/Info.plist;
				IPHONEOS_DEPLOYMENT_TARGET = 8.2;
				LD_RUNPATH_SEARCH_PATHS = "$(inherited) @executable_path/Frameworks";
				PRODUCT_BUNDLE_IDENTIFIER = com.theodoremathioudakis.trafie;
				PRODUCT_NAME = "$(TARGET_NAME)";
				PROVISIONING_PROFILE = "";
				SWIFT_OBJC_BRIDGING_HEADER = "trafie-Bridging-Header.h";
				TARGETED_DEVICE_FAMILY = 1;
			};
			name = Debug;
		};
		5AC2020B1B065B730088C278 /* Release */ = {
			isa = XCBuildConfiguration;
			baseConfigurationReference = 38AA2969C5259088474E5D0B /* Pods-trafie.release.xcconfig */;
			buildSettings = {
				ASSETCATALOG_COMPILER_APPICON_NAME = AppIcon;
				CODE_SIGN_IDENTITY = "iPhone Developer";
				"CODE_SIGN_IDENTITY[sdk=iphoneos*]" = "iPhone Developer";
				FRAMEWORK_SEARCH_PATHS = (
					"$(inherited)",
					"$(PROJECT_DIR)",
				);
				INFOPLIST_FILE = trafie/Info.plist;
				IPHONEOS_DEPLOYMENT_TARGET = 8.2;
				LD_RUNPATH_SEARCH_PATHS = "$(inherited) @executable_path/Frameworks";
				PRODUCT_BUNDLE_IDENTIFIER = com.theodoremathioudakis.trafie;
				PRODUCT_NAME = "$(TARGET_NAME)";
				PROVISIONING_PROFILE = "";
				SWIFT_OBJC_BRIDGING_HEADER = "trafie-Bridging-Header.h";
				TARGETED_DEVICE_FAMILY = 1;
			};
			name = Release;
		};
		5AC2020D1B065B730088C278 /* Debug */ = {
			isa = XCBuildConfiguration;
			buildSettings = {
				BUNDLE_LOADER = "$(TEST_HOST)";
				FRAMEWORK_SEARCH_PATHS = (
					"$(SDKROOT)/Developer/Library/Frameworks",
					"$(inherited)",
				);
				GCC_PREPROCESSOR_DEFINITIONS = (
					"DEBUG=1",
					"$(inherited)",
				);
				INFOPLIST_FILE = trafieTests/Info.plist;
				LD_RUNPATH_SEARCH_PATHS = "$(inherited) @executable_path/Frameworks @loader_path/Frameworks";
				PRODUCT_BUNDLE_IDENTIFIER = "com.trafie.$(PRODUCT_NAME:rfc1034identifier)";
				PRODUCT_NAME = "$(TARGET_NAME)";
				TEST_HOST = "$(BUILT_PRODUCTS_DIR)/trafie.app/trafie";
			};
			name = Debug;
		};
		5AC2020E1B065B730088C278 /* Release */ = {
			isa = XCBuildConfiguration;
			buildSettings = {
				BUNDLE_LOADER = "$(TEST_HOST)";
				FRAMEWORK_SEARCH_PATHS = (
					"$(SDKROOT)/Developer/Library/Frameworks",
					"$(inherited)",
				);
				INFOPLIST_FILE = trafieTests/Info.plist;
				LD_RUNPATH_SEARCH_PATHS = "$(inherited) @executable_path/Frameworks @loader_path/Frameworks";
				PRODUCT_BUNDLE_IDENTIFIER = "com.trafie.$(PRODUCT_NAME:rfc1034identifier)";
				PRODUCT_NAME = "$(TARGET_NAME)";
				TEST_HOST = "$(BUILT_PRODUCTS_DIR)/trafie.app/trafie";
			};
			name = Release;
		};
/* End XCBuildConfiguration section */

/* Begin XCConfigurationList section */
		5A13FB6A1C18CE3000ACACE3 /* Build configuration list for PBXNativeTarget "trafieUITests" */ = {
			isa = XCConfigurationList;
			buildConfigurations = (
				5A13FB681C18CE3000ACACE3 /* Debug */,
				5A13FB691C18CE3000ACACE3 /* Release */,
			);
			defaultConfigurationIsVisible = 0;
			defaultConfigurationName = Release;
		};
		5AC201E51B065B730088C278 /* Build configuration list for PBXProject "trafie" */ = {
			isa = XCConfigurationList;
			buildConfigurations = (
				5AC202071B065B730088C278 /* Debug */,
				5AC202081B065B730088C278 /* Release */,
			);
			defaultConfigurationIsVisible = 0;
			defaultConfigurationName = Release;
		};
		5AC202091B065B730088C278 /* Build configuration list for PBXNativeTarget "trafie" */ = {
			isa = XCConfigurationList;
			buildConfigurations = (
				5AC2020A1B065B730088C278 /* Debug */,
				5AC2020B1B065B730088C278 /* Release */,
			);
			defaultConfigurationIsVisible = 0;
			defaultConfigurationName = Release;
		};
		5AC2020C1B065B730088C278 /* Build configuration list for PBXNativeTarget "trafieTests" */ = {
			isa = XCConfigurationList;
			buildConfigurations = (
				5AC2020D1B065B730088C278 /* Debug */,
				5AC2020E1B065B730088C278 /* Release */,
			);
			defaultConfigurationIsVisible = 0;
			defaultConfigurationName = Release;
		};
/* End XCConfigurationList section */
	};
	rootObject = 5AC201E21B065B730088C278 /* Project object */;
}
