// !$*UTF8*$!
{
	archiveVersion = 1;
	classes = {
	};
	objectVersion = 46;
	objects = {

/* Begin PBXBuildFile section */
		5A042C551B09127800B45027 /* TRFCommon.swift in Sources */ = {isa = PBXBuildFile; fileRef = 5A042C541B09127800B45027 /* TRFCommon.swift */; };
		5A13FB641C18CE3000ACACE3 /* LoginUITests.swift in Sources */ = {isa = PBXBuildFile; fileRef = 5A13FB631C18CE3000ACACE3 /* LoginUITests.swift */; };
		5A1C8FA91B07BDF30098DCFB /* TRFProfileViewController.swift in Sources */ = {isa = PBXBuildFile; fileRef = 5A1C8FA81B07BDF30098DCFB /* TRFProfileViewController.swift */; };
		5A1C8FAB1B07BE190098DCFB /* TRFActivitiesViewController.swift in Sources */ = {isa = PBXBuildFile; fileRef = 5A1C8FAA1B07BE190098DCFB /* TRFActivitiesViewController.swift */; };
		5A1C8FB01B07CAB10098DCFB /* TRFMainController.swift in Sources */ = {isa = PBXBuildFile; fileRef = 5A1C8FAF1B07CAB10098DCFB /* TRFMainController.swift */; };
		5A1C8FB21B07CE1B0098DCFB /* TRFUser.swift in Sources */ = {isa = PBXBuildFile; fileRef = 5A1C8FB11B07CE1B0098DCFB /* TRFUser.swift */; };
		5A1C8FB41B07CE310098DCFB /* TRFActivity.swift in Sources */ = {isa = PBXBuildFile; fileRef = 5A1C8FB31B07CE310098DCFB /* TRFActivity.swift */; };
		5A2E972E1BE3E42900065577 /* Reach.swift in Sources */ = {isa = PBXBuildFile; fileRef = 5A2E972D1BE3E42900065577 /* Reach.swift */; };
		5A7524381B7640790091B263 /* Localizable.strings in Resources */ = {isa = PBXBuildFile; fileRef = 5A75243B1B7640790091B263 /* Localizable.strings */; };
		5A7524391B7640790091B263 /* Localizable.strings in Resources */ = {isa = PBXBuildFile; fileRef = 5A75243B1B7640790091B263 /* Localizable.strings */; };
		5A75243E1B7650C40091B263 /* applause.jpg in Resources */ = {isa = PBXBuildFile; fileRef = 5A75243D1B7650C40091B263 /* applause.jpg */; };
		5A75243F1B7650C40091B263 /* applause.jpg in Resources */ = {isa = PBXBuildFile; fileRef = 5A75243D1B7650C40091B263 /* applause.jpg */; };
		5A7524471B778ADD0091B263 /* TRFLoginViewController.swift in Sources */ = {isa = PBXBuildFile; fileRef = 5A7524461B778ADD0091B263 /* TRFLoginViewController.swift */; };
		5A7A99491C25D89F002F8347 /* TRFResetPasswordViewController.swift in Sources */ = {isa = PBXBuildFile; fileRef = 5A7A99481C25D89F002F8347 /* TRFResetPasswordViewController.swift */; };
		5A7EC11D1B6D10C1009E5F71 /* TRFAddActivityViewController.swift in Sources */ = {isa = PBXBuildFile; fileRef = 5A7EC11C1B6D10C1009E5F71 /* TRFAddActivityViewController.swift */; };
		5AB6C1351C16161B001B6357 /* TRFActivtitiesTableViewCellHeader.swift in Sources */ = {isa = PBXBuildFile; fileRef = 5AB6C1341C16161B001B6357 /* TRFActivtitiesTableViewCellHeader.swift */; };
		5AC201F01B065B730088C278 /* AppDelegate.swift in Sources */ = {isa = PBXBuildFile; fileRef = 5AC201EF1B065B730088C278 /* AppDelegate.swift */; };
		5AC201F51B065B730088C278 /* Main.storyboard in Resources */ = {isa = PBXBuildFile; fileRef = 5AC201F31B065B730088C278 /* Main.storyboard */; };
		5AC201F71B065B730088C278 /* Images.xcassets in Resources */ = {isa = PBXBuildFile; fileRef = 5AC201F61B065B730088C278 /* Images.xcassets */; };
		5AC201FA1B065B730088C278 /* LaunchScreen.xib in Resources */ = {isa = PBXBuildFile; fileRef = 5AC201F81B065B730088C278 /* LaunchScreen.xib */; };
		5AC202061B065B730088C278 /* trafieTests.swift in Sources */ = {isa = PBXBuildFile; fileRef = 5AC202051B065B730088C278 /* trafieTests.swift */; };
		5ADD1E4A1C00DEA800229A56 /* TRFRegisterViewController.swift in Sources */ = {isa = PBXBuildFile; fileRef = 5ADD1E491C00DEA800229A56 /* TRFRegisterViewController.swift */; };
		5AE03D0A1B52C9F800B544F5 /* api-keys.plist in Resources */ = {isa = PBXBuildFile; fileRef = 5AE03D091B52C9F800B544F5 /* api-keys.plist */; };
		5AE8A7AD1B4010C100944266 /* TRFActivtitiesTableViewCell.swift in Sources */ = {isa = PBXBuildFile; fileRef = 5AE8A7AC1B4010C100944266 /* TRFActivtitiesTableViewCell.swift */; };
		5AEACE421B977533001A9007 /* TRFApiHandler.swift in Sources */ = {isa = PBXBuildFile; fileRef = 5AEACE411B977533001A9007 /* TRFApiHandler.swift */; };
		5AEF5A3F1C03977700C08C6C /* UIColorExtension.swift in Sources */ = {isa = PBXBuildFile; fileRef = 5AEF5A3E1C03977700C08C6C /* UIColorExtension.swift */; };
		5AEF5A411C08EB1300C08C6C /* TRFUIElements.swift in Sources */ = {isa = PBXBuildFile; fileRef = 5AEF5A401C08EB1300C08C6C /* TRFUIElements.swift */; };
		5AEF5A431C0A211A00C08C6C /* TRFProfileEditViewController.swift in Sources */ = {isa = PBXBuildFile; fileRef = 5AEF5A421C0A211A00C08C6C /* TRFProfileEditViewController.swift */; };
		A280180E8B2E50CD1D92A1F0 /* Pods_trafie.framework in Frameworks */ = {isa = PBXBuildFile; fileRef = EBFF3B7AED65B60DF743C890 /* Pods_trafie.framework */; };
/* End PBXBuildFile section */

/* Begin PBXContainerItemProxy section */
		5A13FB661C18CE3000ACACE3 /* PBXContainerItemProxy */ = {
			isa = PBXContainerItemProxy;
			containerPortal = 5AC201E21B065B730088C278 /* Project object */;
			proxyType = 1;
			remoteGlobalIDString = 5AC201E91B065B730088C278;
			remoteInfo = trafie;
		};
		5AC202001B065B730088C278 /* PBXContainerItemProxy */ = {
			isa = PBXContainerItemProxy;
			containerPortal = 5AC201E21B065B730088C278 /* Project object */;
			proxyType = 1;
			remoteGlobalIDString = 5AC201E91B065B730088C278;
			remoteInfo = trafie;
		};
/* End PBXContainerItemProxy section */

/* Begin PBXFileReference section */
		5A042C541B09127800B45027 /* TRFCommon.swift */ = {isa = PBXFileReference; fileEncoding = 4; lastKnownFileType = sourcecode.swift; name = TRFCommon.swift; path = Controllers/TRFCommon.swift; sourceTree = "<group>"; };
		5A13FB611C18CE3000ACACE3 /* trafieUITests.xctest */ = {isa = PBXFileReference; explicitFileType = wrapper.cfbundle; includeInIndex = 0; path = trafieUITests.xctest; sourceTree = BUILT_PRODUCTS_DIR; };
		5A13FB631C18CE3000ACACE3 /* LoginUITests.swift */ = {isa = PBXFileReference; lastKnownFileType = sourcecode.swift; path = LoginUITests.swift; sourceTree = "<group>"; };
		5A13FB651C18CE3000ACACE3 /* Info.plist */ = {isa = PBXFileReference; lastKnownFileType = text.plist.xml; path = Info.plist; sourceTree = "<group>"; };
		5A1C8FA81B07BDF30098DCFB /* TRFProfileViewController.swift */ = {isa = PBXFileReference; fileEncoding = 4; lastKnownFileType = sourcecode.swift; name = TRFProfileViewController.swift; path = Controllers/TRFProfileViewController.swift; sourceTree = "<group>"; };
		5A1C8FAA1B07BE190098DCFB /* TRFActivitiesViewController.swift */ = {isa = PBXFileReference; fileEncoding = 4; lastKnownFileType = sourcecode.swift; name = TRFActivitiesViewController.swift; path = Controllers/TRFActivitiesViewController.swift; sourceTree = "<group>"; };
		5A1C8FAF1B07CAB10098DCFB /* TRFMainController.swift */ = {isa = PBXFileReference; fileEncoding = 4; lastKnownFileType = sourcecode.swift; name = TRFMainController.swift; path = Controllers/TRFMainController.swift; sourceTree = "<group>"; };
		5A1C8FB11B07CE1B0098DCFB /* TRFUser.swift */ = {isa = PBXFileReference; fileEncoding = 4; lastKnownFileType = sourcecode.swift; name = TRFUser.swift; path = Models/TRFUser.swift; sourceTree = "<group>"; };
		5A1C8FB31B07CE310098DCFB /* TRFActivity.swift */ = {isa = PBXFileReference; fileEncoding = 4; lastKnownFileType = sourcecode.swift; name = TRFActivity.swift; path = Models/TRFActivity.swift; sourceTree = "<group>"; };
		5A2E972D1BE3E42900065577 /* Reach.swift */ = {isa = PBXFileReference; fileEncoding = 4; lastKnownFileType = sourcecode.swift; path = Reach.swift; sourceTree = "<group>"; };
		5A75242E1B7637860091B263 /* el */ = {isa = PBXFileReference; lastKnownFileType = text.plist.strings; name = el; path = el.lproj/LaunchScreen.strings; sourceTree = "<group>"; };
		5A75243A1B7640790091B263 /* en */ = {isa = PBXFileReference; lastKnownFileType = text.plist.strings; name = en; path = en.lproj/Localizable.strings; sourceTree = "<group>"; };
		5A75243C1B76409E0091B263 /* el */ = {isa = PBXFileReference; lastKnownFileType = text.plist.strings; name = el; path = el.lproj/Localizable.strings; sourceTree = "<group>"; };
		5A75243D1B7650C40091B263 /* applause.jpg */ = {isa = PBXFileReference; lastKnownFileType = image.jpeg; path = applause.jpg; sourceTree = "<group>"; };
		5A7524461B778ADD0091B263 /* TRFLoginViewController.swift */ = {isa = PBXFileReference; fileEncoding = 4; lastKnownFileType = sourcecode.swift; name = TRFLoginViewController.swift; path = Controllers/TRFLoginViewController.swift; sourceTree = "<group>"; };
		5A7A99481C25D89F002F8347 /* TRFResetPasswordViewController.swift */ = {isa = PBXFileReference; fileEncoding = 4; lastKnownFileType = sourcecode.swift; path = TRFResetPasswordViewController.swift; sourceTree = "<group>"; };
		5A7EC11C1B6D10C1009E5F71 /* TRFAddActivityViewController.swift */ = {isa = PBXFileReference; fileEncoding = 4; lastKnownFileType = sourcecode.swift; name = TRFAddActivityViewController.swift; path = Controllers/TRFAddActivityViewController.swift; sourceTree = "<group>"; };
		5AACCC771BA758C500B7590C /* NSDate.playground */ = {isa = PBXFileReference; lastKnownFileType = file.playground; name = NSDate.playground; path = ../Playgrounds/NSDate.playground; sourceTree = "<group>"; };
		5AB6C1341C16161B001B6357 /* TRFActivtitiesTableViewCellHeader.swift */ = {isa = PBXFileReference; fileEncoding = 4; lastKnownFileType = sourcecode.swift; path = TRFActivtitiesTableViewCellHeader.swift; sourceTree = "<group>"; };
		5AC201EA1B065B730088C278 /* trafie.app */ = {isa = PBXFileReference; explicitFileType = wrapper.application; includeInIndex = 0; path = trafie.app; sourceTree = BUILT_PRODUCTS_DIR; };
		5AC201EE1B065B730088C278 /* Info.plist */ = {isa = PBXFileReference; lastKnownFileType = text.plist.xml; path = Info.plist; sourceTree = "<group>"; };
		5AC201EF1B065B730088C278 /* AppDelegate.swift */ = {isa = PBXFileReference; lastKnownFileType = sourcecode.swift; path = AppDelegate.swift; sourceTree = "<group>"; };
		5AC201F41B065B730088C278 /* Base */ = {isa = PBXFileReference; lastKnownFileType = file.storyboard; name = Base; path = Base.lproj/Main.storyboard; sourceTree = "<group>"; };
		5AC201F61B065B730088C278 /* Images.xcassets */ = {isa = PBXFileReference; lastKnownFileType = folder.assetcatalog; path = Images.xcassets; sourceTree = "<group>"; };
		5AC201F91B065B730088C278 /* Base */ = {isa = PBXFileReference; lastKnownFileType = file.xib; name = Base; path = Base.lproj/LaunchScreen.xib; sourceTree = "<group>"; };
		5AC201FF1B065B730088C278 /* trafieTests.xctest */ = {isa = PBXFileReference; explicitFileType = wrapper.cfbundle; includeInIndex = 0; path = trafieTests.xctest; sourceTree = BUILT_PRODUCTS_DIR; };
		5AC202041B065B730088C278 /* Info.plist */ = {isa = PBXFileReference; lastKnownFileType = text.plist.xml; path = Info.plist; sourceTree = "<group>"; };
		5AC202051B065B730088C278 /* trafieTests.swift */ = {isa = PBXFileReference; lastKnownFileType = sourcecode.swift; path = trafieTests.swift; sourceTree = "<group>"; };
		5ADD1E491C00DEA800229A56 /* TRFRegisterViewController.swift */ = {isa = PBXFileReference; fileEncoding = 4; lastKnownFileType = sourcecode.swift; path = TRFRegisterViewController.swift; sourceTree = "<group>"; };
		5AE03D091B52C9F800B544F5 /* api-keys.plist */ = {isa = PBXFileReference; fileEncoding = 4; lastKnownFileType = text.plist.xml; path = "api-keys.plist"; sourceTree = "<group>"; };
		5AE8A7AC1B4010C100944266 /* TRFActivtitiesTableViewCell.swift */ = {isa = PBXFileReference; fileEncoding = 4; lastKnownFileType = sourcecode.swift; name = TRFActivtitiesTableViewCell.swift; path = Controllers/TRFActivtitiesTableViewCell.swift; sourceTree = "<group>"; };
		5AEACE411B977533001A9007 /* TRFApiHandler.swift */ = {isa = PBXFileReference; fileEncoding = 4; lastKnownFileType = sourcecode.swift; path = TRFApiHandler.swift; sourceTree = "<group>"; };
		5AEF5A3E1C03977700C08C6C /* UIColorExtension.swift */ = {isa = PBXFileReference; fileEncoding = 4; lastKnownFileType = sourcecode.swift; path = UIColorExtension.swift; sourceTree = "<group>"; };
		5AEF5A401C08EB1300C08C6C /* TRFUIElements.swift */ = {isa = PBXFileReference; fileEncoding = 4; lastKnownFileType = sourcecode.swift; path = TRFUIElements.swift; sourceTree = "<group>"; };
		5AEF5A421C0A211A00C08C6C /* TRFProfileEditViewController.swift */ = {isa = PBXFileReference; fileEncoding = 4; lastKnownFileType = sourcecode.swift; path = TRFProfileEditViewController.swift; sourceTree = "<group>"; };
		8472B13BB17C2DDD4172EF5C /* Pods-trafie.release.xcconfig */ = {isa = PBXFileReference; includeInIndex = 1; lastKnownFileType = text.xcconfig; name = "Pods-trafie.release.xcconfig"; path = "Pods/Target Support Files/Pods-trafie/Pods-trafie.release.xcconfig"; sourceTree = "<group>"; };
		D43F3A6B10824408EAFB9C74 /* Pods-trafie.debug.xcconfig */ = {isa = PBXFileReference; includeInIndex = 1; lastKnownFileType = text.xcconfig; name = "Pods-trafie.debug.xcconfig"; path = "Pods/Target Support Files/Pods-trafie/Pods-trafie.debug.xcconfig"; sourceTree = "<group>"; };
		EBFF3B7AED65B60DF743C890 /* Pods_trafie.framework */ = {isa = PBXFileReference; explicitFileType = wrapper.framework; includeInIndex = 0; path = Pods_trafie.framework; sourceTree = BUILT_PRODUCTS_DIR; };
/* End PBXFileReference section */

/* Begin PBXFrameworksBuildPhase section */
		5A13FB5E1C18CE3000ACACE3 /* Frameworks */ = {
			isa = PBXFrameworksBuildPhase;
			buildActionMask = 2147483647;
			files = (
			);
			runOnlyForDeploymentPostprocessing = 0;
		};
		5AC201E71B065B730088C278 /* Frameworks */ = {
			isa = PBXFrameworksBuildPhase;
			buildActionMask = 2147483647;
			files = (
				A280180E8B2E50CD1D92A1F0 /* Pods_trafie.framework in Frameworks */,
			);
			runOnlyForDeploymentPostprocessing = 0;
		};
		5AC201FC1B065B730088C278 /* Frameworks */ = {
			isa = PBXFrameworksBuildPhase;
			buildActionMask = 2147483647;
			files = (
			);
			runOnlyForDeploymentPostprocessing = 0;
		};
/* End PBXFrameworksBuildPhase section */

/* Begin PBXGroup section */
		08E82B8072F0C26248270D9E /* Frameworks */ = {
			isa = PBXGroup;
			children = (
				EBFF3B7AED65B60DF743C890 /* Pods_trafie.framework */,
			);
			name = Frameworks;
			sourceTree = "<group>";
		};
		5A042C531B09124E00B45027 /* Helpers */ = {
			isa = PBXGroup;
			children = (
				5A042C541B09127800B45027 /* TRFCommon.swift */,
				5AEACE411B977533001A9007 /* TRFApiHandler.swift */,
				5A2E972D1BE3E42900065577 /* Reach.swift */,
				5AEF5A3E1C03977700C08C6C /* UIColorExtension.swift */,
				5AEF5A401C08EB1300C08C6C /* TRFUIElements.swift */,
			);
			name = Helpers;
			sourceTree = "<group>";
		};
		5A13FB621C18CE3000ACACE3 /* UIAutomationTests */ = {
			isa = PBXGroup;
			children = (
				5A13FB631C18CE3000ACACE3 /* LoginUITests.swift */,
				5A13FB651C18CE3000ACACE3 /* Info.plist */,
			);
			name = UIAutomationTests;
			path = trafieUITests;
			sourceTree = "<group>";
		};
		5A1C8FAE1B07C7430098DCFB /* Controllers */ = {
			isa = PBXGroup;
			children = (
				5A1C8FAF1B07CAB10098DCFB /* TRFMainController.swift */,
			);
			name = Controllers;
			sourceTree = "<group>";
		};
		5AC201E11B065B730088C278 = {
			isa = PBXGroup;
			children = (
				5AACCC771BA758C500B7590C /* NSDate.playground */,
				5AC201EC1B065B730088C278 /* trafie */,
				5AC202021B065B730088C278 /* trafieTests */,
				5A13FB621C18CE3000ACACE3 /* UIAutomationTests */,
				5AC201EB1B065B730088C278 /* Products */,
				AD2A0E67F1DC2DCBDFDD9C36 /* Pods */,
				08E82B8072F0C26248270D9E /* Frameworks */,
			);
			sourceTree = "<group>";
		};
		5AC201EB1B065B730088C278 /* Products */ = {
			isa = PBXGroup;
			children = (
				5AC201EA1B065B730088C278 /* trafie.app */,
				5AC201FF1B065B730088C278 /* trafieTests.xctest */,
				5A13FB611C18CE3000ACACE3 /* trafieUITests.xctest */,
			);
			name = Products;
			sourceTree = "<group>";
		};
		5AC201EC1B065B730088C278 /* trafie */ = {
			isa = PBXGroup;
			children = (
				5A75243B1B7640790091B263 /* Localizable.strings */,
				5A042C531B09124E00B45027 /* Helpers */,
				5AC202111B07AA070088C278 /* Views */,
				5AC2020F1B07A9F60088C278 /* ViewControllers */,
				5A1C8FAE1B07C7430098DCFB /* Controllers */,
				5AC202101B07AA000088C278 /* Models */,
				5AC201EF1B065B730088C278 /* AppDelegate.swift */,
				5AC201F31B065B730088C278 /* Main.storyboard */,
				5AC201ED1B065B730088C278 /* Supporting Files */,
			);
			path = trafie;
			sourceTree = "<group>";
		};
		5AC201ED1B065B730088C278 /* Supporting Files */ = {
			isa = PBXGroup;
			children = (
				5AC201F81B065B730088C278 /* LaunchScreen.xib */,
				5AC202121B07AB6B0088C278 /* images */,
				5AC201EE1B065B730088C278 /* Info.plist */,
				5AC201F61B065B730088C278 /* Images.xcassets */,
				5AE03D091B52C9F800B544F5 /* api-keys.plist */,
			);
			name = "Supporting Files";
			sourceTree = "<group>";
		};
		5AC202021B065B730088C278 /* trafieTests */ = {
			isa = PBXGroup;
			children = (
				5AC202051B065B730088C278 /* trafieTests.swift */,
				5AC202031B065B730088C278 /* Supporting Files */,
			);
			path = trafieTests;
			sourceTree = "<group>";
		};
		5AC202031B065B730088C278 /* Supporting Files */ = {
			isa = PBXGroup;
			children = (
				5AC202041B065B730088C278 /* Info.plist */,
			);
			name = "Supporting Files";
			sourceTree = "<group>";
		};
		5AC2020F1B07A9F60088C278 /* ViewControllers */ = {
			isa = PBXGroup;
			children = (
				5A1C8FA81B07BDF30098DCFB /* TRFProfileViewController.swift */,
				5A1C8FAA1B07BE190098DCFB /* TRFActivitiesViewController.swift */,
				5A7EC11C1B6D10C1009E5F71 /* TRFAddActivityViewController.swift */,
				5A7524461B778ADD0091B263 /* TRFLoginViewController.swift */,
				5ADD1E491C00DEA800229A56 /* TRFRegisterViewController.swift */,
				5AEF5A421C0A211A00C08C6C /* TRFProfileEditViewController.swift */,
				5A7A99481C25D89F002F8347 /* TRFResetPasswordViewController.swift */,
			);
			name = ViewControllers;
			sourceTree = "<group>";
		};
		5AC202101B07AA000088C278 /* Models */ = {
			isa = PBXGroup;
			children = (
				5A1C8FB31B07CE310098DCFB /* TRFActivity.swift */,
				5A1C8FB11B07CE1B0098DCFB /* TRFUser.swift */,
			);
			name = Models;
			sourceTree = "<group>";
		};
		5AC202111B07AA070088C278 /* Views */ = {
			isa = PBXGroup;
			children = (
				5AE8A7AC1B4010C100944266 /* TRFActivtitiesTableViewCell.swift */,
				5AB6C1341C16161B001B6357 /* TRFActivtitiesTableViewCellHeader.swift */,
			);
			name = Views;
			sourceTree = "<group>";
		};
		5AC202121B07AB6B0088C278 /* images */ = {
			isa = PBXGroup;
			children = (
				5A75243D1B7650C40091B263 /* applause.jpg */,
			);
			name = images;
			sourceTree = "<group>";
		};
		AD2A0E67F1DC2DCBDFDD9C36 /* Pods */ = {
			isa = PBXGroup;
			children = (
				D43F3A6B10824408EAFB9C74 /* Pods-trafie.debug.xcconfig */,
				8472B13BB17C2DDD4172EF5C /* Pods-trafie.release.xcconfig */,
			);
			name = Pods;
			sourceTree = "<group>";
		};
/* End PBXGroup section */

/* Begin PBXNativeTarget section */
		5A13FB601C18CE3000ACACE3 /* trafieUITests */ = {
			isa = PBXNativeTarget;
			buildConfigurationList = 5A13FB6A1C18CE3000ACACE3 /* Build configuration list for PBXNativeTarget "trafieUITests" */;
			buildPhases = (
				5A13FB5D1C18CE3000ACACE3 /* Sources */,
				5A13FB5E1C18CE3000ACACE3 /* Frameworks */,
				5A13FB5F1C18CE3000ACACE3 /* Resources */,
			);
			buildRules = (
			);
			dependencies = (
				5A13FB671C18CE3000ACACE3 /* PBXTargetDependency */,
			);
			name = trafieUITests;
			productName = trafieUITests;
			productReference = 5A13FB611C18CE3000ACACE3 /* trafieUITests.xctest */;
			productType = "com.apple.product-type.bundle.ui-testing";
		};
		5AC201E91B065B730088C278 /* trafie */ = {
			isa = PBXNativeTarget;
			buildConfigurationList = 5AC202091B065B730088C278 /* Build configuration list for PBXNativeTarget "trafie" */;
			buildPhases = (
				60372B3AC85B3E59C0EDC880 /* Check Pods Manifest.lock */,
				5AC201E61B065B730088C278 /* Sources */,
				5AC201E71B065B730088C278 /* Frameworks */,
				5AC201E81B065B730088C278 /* Resources */,
				D1BF80F45218B81E4E713131 /* Embed Pods Frameworks */,
				F40DE2FB3D0865DFC5D875F4 /* Copy Pods Resources */,
			);
			buildRules = (
			);
			dependencies = (
			);
			name = trafie;
			productName = trafie;
			productReference = 5AC201EA1B065B730088C278 /* trafie.app */;
			productType = "com.apple.product-type.application";
		};
		5AC201FE1B065B730088C278 /* trafieTests */ = {
			isa = PBXNativeTarget;
			buildConfigurationList = 5AC2020C1B065B730088C278 /* Build configuration list for PBXNativeTarget "trafieTests" */;
			buildPhases = (
				5AC201FB1B065B730088C278 /* Sources */,
				5AC201FC1B065B730088C278 /* Frameworks */,
				5AC201FD1B065B730088C278 /* Resources */,
			);
			buildRules = (
			);
			dependencies = (
				5AC202011B065B730088C278 /* PBXTargetDependency */,
			);
			name = trafieTests;
			productName = trafieTests;
			productReference = 5AC201FF1B065B730088C278 /* trafieTests.xctest */;
			productType = "com.apple.product-type.bundle.unit-test";
		};
/* End PBXNativeTarget section */

/* Begin PBXProject section */
		5AC201E21B065B730088C278 /* Project object */ = {
			isa = PBXProject;
			attributes = {
				LastSwiftMigration = 0710;
				LastSwiftUpdateCheck = 0720;
				LastUpgradeCheck = 0710;
				ORGANIZATIONNAME = "Mathioudakis Theodore";
				TargetAttributes = {
					5A13FB601C18CE3000ACACE3 = {
						CreatedOnToolsVersion = 7.2;
						TestTargetID = 5AC201E91B065B730088C278;
					};
					5AC201E91B065B730088C278 = {
						CreatedOnToolsVersion = 6.3.1;
						DevelopmentTeam = K4587D2ZVR;
					};
					5AC201FE1B065B730088C278 = {
						CreatedOnToolsVersion = 6.3.1;
						TestTargetID = 5AC201E91B065B730088C278;
					};
				};
			};
			buildConfigurationList = 5AC201E51B065B730088C278 /* Build configuration list for PBXProject "trafie" */;
			compatibilityVersion = "Xcode 3.2";
			developmentRegion = English;
			hasScannedForEncodings = 0;
			knownRegions = (
				en,
				Base,
				el,
			);
			mainGroup = 5AC201E11B065B730088C278;
			productRefGroup = 5AC201EB1B065B730088C278 /* Products */;
			projectDirPath = "";
			projectRoot = "";
			targets = (
				5AC201E91B065B730088C278 /* trafie */,
				5AC201FE1B065B730088C278 /* trafieTests */,
				5A13FB601C18CE3000ACACE3 /* trafieUITests */,
			);
		};
/* End PBXProject section */

/* Begin PBXResourcesBuildPhase section */
		5A13FB5F1C18CE3000ACACE3 /* Resources */ = {
			isa = PBXResourcesBuildPhase;
			buildActionMask = 2147483647;
			files = (
			);
			runOnlyForDeploymentPostprocessing = 0;
		};
		5AC201E81B065B730088C278 /* Resources */ = {
			isa = PBXResourcesBuildPhase;
			buildActionMask = 2147483647;
			files = (
				5AE03D0A1B52C9F800B544F5 /* api-keys.plist in Resources */,
				5A7524381B7640790091B263 /* Localizable.strings in Resources */,
				5AC201F51B065B730088C278 /* Main.storyboard in Resources */,
				5AC201FA1B065B730088C278 /* LaunchScreen.xib in Resources */,
				5AC201F71B065B730088C278 /* Images.xcassets in Resources */,
				5A75243E1B7650C40091B263 /* applause.jpg in Resources */,
			);
			runOnlyForDeploymentPostprocessing = 0;
		};
		5AC201FD1B065B730088C278 /* Resources */ = {
			isa = PBXResourcesBuildPhase;
			buildActionMask = 2147483647;
			files = (
				5A7524391B7640790091B263 /* Localizable.strings in Resources */,
				5A75243F1B7650C40091B263 /* applause.jpg in Resources */,
			);
			runOnlyForDeploymentPostprocessing = 0;
		};
/* End PBXResourcesBuildPhase section */

/* Begin PBXShellScriptBuildPhase section */
		60372B3AC85B3E59C0EDC880 /* Check Pods Manifest.lock */ = {
			isa = PBXShellScriptBuildPhase;
			buildActionMask = 2147483647;
			files = (
			);
			inputPaths = (
			);
			name = "Check Pods Manifest.lock";
			outputPaths = (
			);
			runOnlyForDeploymentPostprocessing = 0;
			shellPath = /bin/sh;
			shellScript = "diff \"${PODS_ROOT}/../Podfile.lock\" \"${PODS_ROOT}/Manifest.lock\" > /dev/null\nif [[ $? != 0 ]] ; then\n    cat << EOM\nerror: The sandbox is not in sync with the Podfile.lock. Run 'pod install' or update your CocoaPods installation.\nEOM\n    exit 1\nfi\n";
			showEnvVarsInLog = 0;
		};
		D1BF80F45218B81E4E713131 /* Embed Pods Frameworks */ = {
			isa = PBXShellScriptBuildPhase;
			buildActionMask = 2147483647;
			files = (
			);
			inputPaths = (
			);
			name = "Embed Pods Frameworks";
			outputPaths = (
			);
			runOnlyForDeploymentPostprocessing = 0;
			shellPath = /bin/sh;
			shellScript = "\"${SRCROOT}/Pods/Target Support Files/Pods-trafie/Pods-trafie-frameworks.sh\"\n";
			showEnvVarsInLog = 0;
		};
		F40DE2FB3D0865DFC5D875F4 /* Copy Pods Resources */ = {
			isa = PBXShellScriptBuildPhase;
			buildActionMask = 2147483647;
			files = (
			);
			inputPaths = (
			);
			name = "Copy Pods Resources";
			outputPaths = (
			);
			runOnlyForDeploymentPostprocessing = 0;
			shellPath = /bin/sh;
			shellScript = "\"${SRCROOT}/Pods/Target Support Files/Pods-trafie/Pods-trafie-resources.sh\"\n";
			showEnvVarsInLog = 0;
		};
/* End PBXShellScriptBuildPhase section */

/* Begin PBXSourcesBuildPhase section */
		5A13FB5D1C18CE3000ACACE3 /* Sources */ = {
			isa = PBXSourcesBuildPhase;
			buildActionMask = 2147483647;
			files = (
				5A13FB641C18CE3000ACACE3 /* LoginUITests.swift in Sources */,
			);
			runOnlyForDeploymentPostprocessing = 0;
		};
		5AC201E61B065B730088C278 /* Sources */ = {
			isa = PBXSourcesBuildPhase;
			buildActionMask = 2147483647;
			files = (
				5A1C8FAB1B07BE190098DCFB /* TRFActivitiesViewController.swift in Sources */,
				5A1C8FA91B07BDF30098DCFB /* TRFProfileViewController.swift in Sources */,
				5AEF5A3F1C03977700C08C6C /* UIColorExtension.swift in Sources */,
				5A7EC11D1B6D10C1009E5F71 /* TRFAddActivityViewController.swift in Sources */,
				5AEF5A411C08EB1300C08C6C /* TRFUIElements.swift in Sources */,
				5AEF5A431C0A211A00C08C6C /* TRFProfileEditViewController.swift in Sources */,
				5A1C8FB41B07CE310098DCFB /* TRFActivity.swift in Sources */,
				5AE8A7AD1B4010C100944266 /* TRFActivtitiesTableViewCell.swift in Sources */,
				5AEACE421B977533001A9007 /* TRFApiHandler.swift in Sources */,
				5A1C8FB01B07CAB10098DCFB /* TRFMainController.swift in Sources */,
				5A7A99491C25D89F002F8347 /* TRFResetPasswordViewController.swift in Sources */,
				5A2E972E1BE3E42900065577 /* Reach.swift in Sources */,
				5A7524471B778ADD0091B263 /* TRFLoginViewController.swift in Sources */,
				5AB6C1351C16161B001B6357 /* TRFActivtitiesTableViewCellHeader.swift in Sources */,
				5AC201F01B065B730088C278 /* AppDelegate.swift in Sources */,
				5A1C8FB21B07CE1B0098DCFB /* TRFUser.swift in Sources */,
				5ADD1E4A1C00DEA800229A56 /* TRFRegisterViewController.swift in Sources */,
				5A042C551B09127800B45027 /* TRFCommon.swift in Sources */,
			);
			runOnlyForDeploymentPostprocessing = 0;
		};
		5AC201FB1B065B730088C278 /* Sources */ = {
			isa = PBXSourcesBuildPhase;
			buildActionMask = 2147483647;
			files = (
				5AC202061B065B730088C278 /* trafieTests.swift in Sources */,
			);
			runOnlyForDeploymentPostprocessing = 0;
		};
/* End PBXSourcesBuildPhase section */

/* Begin PBXTargetDependency section */
		5A13FB671C18CE3000ACACE3 /* PBXTargetDependency */ = {
			isa = PBXTargetDependency;
			target = 5AC201E91B065B730088C278 /* trafie */;
			targetProxy = 5A13FB661C18CE3000ACACE3 /* PBXContainerItemProxy */;
		};
		5AC202011B065B730088C278 /* PBXTargetDependency */ = {
			isa = PBXTargetDependency;
			target = 5AC201E91B065B730088C278 /* trafie */;
			targetProxy = 5AC202001B065B730088C278 /* PBXContainerItemProxy */;
		};
/* End PBXTargetDependency section */

/* Begin PBXVariantGroup section */
		5A75243B1B7640790091B263 /* Localizable.strings */ = {
			isa = PBXVariantGroup;
			children = (
				5A75243A1B7640790091B263 /* en */,
				5A75243C1B76409E0091B263 /* el */,
			);
			name = Localizable.strings;
			sourceTree = "<group>";
		};
		5AC201F31B065B730088C278 /* Main.storyboard */ = {
			isa = PBXVariantGroup;
			children = (
				5AC201F41B065B730088C278 /* Base */,
			);
			name = Main.storyboard;
			sourceTree = "<group>";
		};
		5AC201F81B065B730088C278 /* LaunchScreen.xib */ = {
			isa = PBXVariantGroup;
			children = (
				5AC201F91B065B730088C278 /* Base */,
				5A75242E1B7637860091B263 /* el */,
			);
			name = LaunchScreen.xib;
			sourceTree = "<group>";
		};
/* End PBXVariantGroup section */

/* Begin XCBuildConfiguration section */
		5A13FB681C18CE3000ACACE3 /* Debug */ = {
			isa = XCBuildConfiguration;
			buildSettings = {
				DEBUG_INFORMATION_FORMAT = dwarf;
				INFOPLIST_FILE = trafieUITests/Info.plist;
				IPHONEOS_DEPLOYMENT_TARGET = 9.2;
				LD_RUNPATH_SEARCH_PATHS = "$(inherited) @executable_path/Frameworks @loader_path/Frameworks";
				PRODUCT_BUNDLE_IDENTIFIER = com.trafie.trafieUITests;
				PRODUCT_NAME = "$(TARGET_NAME)";
				TEST_TARGET_NAME = trafie;
				USES_XCTRUNNER = YES;
			};
			name = Debug;
		};
		5A13FB691C18CE3000ACACE3 /* Release */ = {
			isa = XCBuildConfiguration;
			buildSettings = {
				INFOPLIST_FILE = trafieUITests/Info.plist;
				IPHONEOS_DEPLOYMENT_TARGET = 9.2;
				LD_RUNPATH_SEARCH_PATHS = "$(inherited) @executable_path/Frameworks @loader_path/Frameworks";
				PRODUCT_BUNDLE_IDENTIFIER = com.trafie.trafieUITests;
				PRODUCT_NAME = "$(TARGET_NAME)";
				TEST_TARGET_NAME = trafie;
				USES_XCTRUNNER = YES;
			};
			name = Release;
		};
		5AC202071B065B730088C278 /* Debug */ = {
			isa = XCBuildConfiguration;
			buildSettings = {
				ALWAYS_SEARCH_USER_PATHS = NO;
				CLANG_CXX_LANGUAGE_STANDARD = "gnu++0x";
				CLANG_CXX_LIBRARY = "libc++";
				CLANG_ENABLE_MODULES = YES;
				CLANG_ENABLE_OBJC_ARC = YES;
				CLANG_WARN_BOOL_CONVERSION = YES;
				CLANG_WARN_CONSTANT_CONVERSION = YES;
				CLANG_WARN_DIRECT_OBJC_ISA_USAGE = YES_ERROR;
				CLANG_WARN_EMPTY_BODY = YES;
				CLANG_WARN_ENUM_CONVERSION = YES;
				CLANG_WARN_INT_CONVERSION = YES;
				CLANG_WARN_OBJC_ROOT_CLASS = YES_ERROR;
				CLANG_WARN_UNREACHABLE_CODE = YES;
				CLANG_WARN__DUPLICATE_METHOD_MATCH = YES;
				"CODE_SIGN_IDENTITY[sdk=iphoneos*]" = "iPhone Developer";
				COPY_PHASE_STRIP = NO;
				DEBUG_INFORMATION_FORMAT = "dwarf-with-dsym";
				ENABLE_STRICT_OBJC_MSGSEND = YES;
				ENABLE_TESTABILITY = YES;
				GCC_C_LANGUAGE_STANDARD = gnu99;
				GCC_DYNAMIC_NO_PIC = NO;
				GCC_NO_COMMON_BLOCKS = YES;
				GCC_OPTIMIZATION_LEVEL = 0;
				GCC_PREPROCESSOR_DEFINITIONS = (
					"DEBUG=1",
					"$(inherited)",
				);
				GCC_SYMBOLS_PRIVATE_EXTERN = NO;
				GCC_WARN_64_TO_32_BIT_CONVERSION = YES;
				GCC_WARN_ABOUT_RETURN_TYPE = YES_ERROR;
				GCC_WARN_UNDECLARED_SELECTOR = YES;
				GCC_WARN_UNINITIALIZED_AUTOS = YES_AGGRESSIVE;
				GCC_WARN_UNUSED_FUNCTION = YES;
				GCC_WARN_UNUSED_VARIABLE = YES;
				IPHONEOS_DEPLOYMENT_TARGET = 8.3;
				MTL_ENABLE_DEBUG_INFO = YES;
				ONLY_ACTIVE_ARCH = YES;
				SDKROOT = iphoneos;
				SWIFT_OPTIMIZATION_LEVEL = "-Onone";
				TARGETED_DEVICE_FAMILY = "1,2";
			};
			name = Debug;
		};
		5AC202081B065B730088C278 /* Release */ = {
			isa = XCBuildConfiguration;
			buildSettings = {
				ALWAYS_SEARCH_USER_PATHS = NO;
				CLANG_CXX_LANGUAGE_STANDARD = "gnu++0x";
				CLANG_CXX_LIBRARY = "libc++";
				CLANG_ENABLE_MODULES = YES;
				CLANG_ENABLE_OBJC_ARC = YES;
				CLANG_WARN_BOOL_CONVERSION = YES;
				CLANG_WARN_CONSTANT_CONVERSION = YES;
				CLANG_WARN_DIRECT_OBJC_ISA_USAGE = YES_ERROR;
				CLANG_WARN_EMPTY_BODY = YES;
				CLANG_WARN_ENUM_CONVERSION = YES;
				CLANG_WARN_INT_CONVERSION = YES;
				CLANG_WARN_OBJC_ROOT_CLASS = YES_ERROR;
				CLANG_WARN_UNREACHABLE_CODE = YES;
				CLANG_WARN__DUPLICATE_METHOD_MATCH = YES;
				"CODE_SIGN_IDENTITY[sdk=iphoneos*]" = "iPhone Developer";
				COPY_PHASE_STRIP = NO;
				DEBUG_INFORMATION_FORMAT = "dwarf-with-dsym";
				ENABLE_NS_ASSERTIONS = NO;
				ENABLE_STRICT_OBJC_MSGSEND = YES;
				GCC_C_LANGUAGE_STANDARD = gnu99;
				GCC_NO_COMMON_BLOCKS = YES;
				GCC_WARN_64_TO_32_BIT_CONVERSION = YES;
				GCC_WARN_ABOUT_RETURN_TYPE = YES_ERROR;
				GCC_WARN_UNDECLARED_SELECTOR = YES;
				GCC_WARN_UNINITIALIZED_AUTOS = YES_AGGRESSIVE;
				GCC_WARN_UNUSED_FUNCTION = YES;
				GCC_WARN_UNUSED_VARIABLE = YES;
				IPHONEOS_DEPLOYMENT_TARGET = 8.3;
				MTL_ENABLE_DEBUG_INFO = NO;
				SDKROOT = iphoneos;
				TARGETED_DEVICE_FAMILY = "1,2";
				VALIDATE_PRODUCT = YES;
			};
			name = Release;
		};
		5AC2020A1B065B730088C278 /* Debug */ = {
			isa = XCBuildConfiguration;
			baseConfigurationReference = D43F3A6B10824408EAFB9C74 /* Pods-trafie.debug.xcconfig */;
			buildSettings = {
				ASSETCATALOG_COMPILER_APPICON_NAME = AppIcon;
				CODE_SIGN_IDENTITY = "iPhone Developer";
				"CODE_SIGN_IDENTITY[sdk=iphoneos*]" = "iPhone Developer";
				INFOPLIST_FILE = trafie/Info.plist;
				LD_RUNPATH_SEARCH_PATHS = "$(inherited) @executable_path/Frameworks";
				PRODUCT_BUNDLE_IDENTIFIER = com.theodoremathioudakis.trafie;
				PRODUCT_NAME = "$(TARGET_NAME)";
				PROVISIONING_PROFILE = "";
				TARGETED_DEVICE_FAMILY = 1;
			};
			name = Debug;
		};
		5AC2020B1B065B730088C278 /* Release */ = {
			isa = XCBuildConfiguration;
			baseConfigurationReference = 8472B13BB17C2DDD4172EF5C /* Pods-trafie.release.xcconfig */;
			buildSettings = {
				ASSETCATALOG_COMPILER_APPICON_NAME = AppIcon;
				CODE_SIGN_IDENTITY = "iPhone Developer";
				"CODE_SIGN_IDENTITY[sdk=iphoneos*]" = "iPhone Developer";
				INFOPLIST_FILE = trafie/Info.plist;
				LD_RUNPATH_SEARCH_PATHS = "$(inherited) @executable_path/Frameworks";
				PRODUCT_BUNDLE_IDENTIFIER = com.theodoremathioudakis.trafie;
				PRODUCT_NAME = "$(TARGET_NAME)";
				PROVISIONING_PROFILE = "";
				TARGETED_DEVICE_FAMILY = 1;
			};
			name = Release;
		};
		5AC2020D1B065B730088C278 /* Debug */ = {
			isa = XCBuildConfiguration;
			buildSettings = {
				BUNDLE_LOADER = "$(TEST_HOST)";
				FRAMEWORK_SEARCH_PATHS = (
					"$(SDKROOT)/Developer/Library/Frameworks",
					"$(inherited)",
				);
				GCC_PREPROCESSOR_DEFINITIONS = (
					"DEBUG=1",
					"$(inherited)",
				);
				INFOPLIST_FILE = trafieTests/Info.plist;
				LD_RUNPATH_SEARCH_PATHS = "$(inherited) @executable_path/Frameworks @loader_path/Frameworks";
				PRODUCT_BUNDLE_IDENTIFIER = "com.trafie.$(PRODUCT_NAME:rfc1034identifier)";
				PRODUCT_NAME = "$(TARGET_NAME)";
				TEST_HOST = "$(BUILT_PRODUCTS_DIR)/trafie.app/trafie";
			};
			name = Debug;
		};
		5AC2020E1B065B730088C278 /* Release */ = {
			isa = XCBuildConfiguration;
			buildSettings = {
				BUNDLE_LOADER = "$(TEST_HOST)";
				FRAMEWORK_SEARCH_PATHS = (
					"$(SDKROOT)/Developer/Library/Frameworks",
					"$(inherited)",
				);
				INFOPLIST_FILE = trafieTests/Info.plist;
				LD_RUNPATH_SEARCH_PATHS = "$(inherited) @executable_path/Frameworks @loader_path/Frameworks";
				PRODUCT_BUNDLE_IDENTIFIER = "com.trafie.$(PRODUCT_NAME:rfc1034identifier)";
				PRODUCT_NAME = "$(TARGET_NAME)";
				TEST_HOST = "$(BUILT_PRODUCTS_DIR)/trafie.app/trafie";
			};
			name = Release;
		};
/* End XCBuildConfiguration section */

/* Begin XCConfigurationList section */
		5A13FB6A1C18CE3000ACACE3 /* Build configuration list for PBXNativeTarget "trafieUITests" */ = {
			isa = XCConfigurationList;
			buildConfigurations = (
				5A13FB681C18CE3000ACACE3 /* Debug */,
				5A13FB691C18CE3000ACACE3 /* Release */,
			);
			defaultConfigurationIsVisible = 0;
			defaultConfigurationName = Release;
		};
		5AC201E51B065B730088C278 /* Build configuration list for PBXProject "trafie" */ = {
			isa = XCConfigurationList;
			buildConfigurations = (
				5AC202071B065B730088C278 /* Debug */,
				5AC202081B065B730088C278 /* Release */,
			);
			defaultConfigurationIsVisible = 0;
			defaultConfigurationName = Release;
		};
		5AC202091B065B730088C278 /* Build configuration list for PBXNativeTarget "trafie" */ = {
			isa = XCConfigurationList;
			buildConfigurations = (
				5AC2020A1B065B730088C278 /* Debug */,
				5AC2020B1B065B730088C278 /* Release */,
			);
			defaultConfigurationIsVisible = 0;
			defaultConfigurationName = Release;
		};
		5AC2020C1B065B730088C278 /* Build configuration list for PBXNativeTarget "trafieTests" */ = {
			isa = XCConfigurationList;
			buildConfigurations = (
				5AC2020D1B065B730088C278 /* Debug */,
				5AC2020E1B065B730088C278 /* Release */,
			);
			defaultConfigurationIsVisible = 0;
			defaultConfigurationName = Release;
		};
/* End XCConfigurationList section */
	};
	rootObject = 5AC201E21B065B730088C278 /* Project object */;
}
